
Microsoft Visual Studio Solution File, Format Version 12.00
# Visual Studio Version 16
VisualStudioVersion = 16.0.30621.155
MinimumVisualStudioVersion = 10.0.40219.1
Project("{2150E333-8FDC-42A3-9474-1A3956D46DE8}") = "ServerApplication", "ServerApplication", "{EA53D6FC-44DB-487E-A149-7A5503D54DDD}"
EndProject
Project("{2150E333-8FDC-42A3-9474-1A3956D46DE8}") = "ClientDesktop", "ClientDesktop", "{0423A369-B09A-4540-A3D7-29959A3E58E0}"
EndProject
Project("{2150E333-8FDC-42A3-9474-1A3956D46DE8}") = "ClientXamarin", "ClientXamarin", "{BBC861A4-F0A2-42DF-A74D-EE9865DAD11E}"
EndProject
Project("{2150E333-8FDC-42A3-9474-1A3956D46DE8}") = "ApplicationCore", "ApplicationCore", "{BCC24F5D-8FAB-4593-8CAB-009CA431A665}"
EndProject
Project("{2150E333-8FDC-42A3-9474-1A3956D46DE8}") = "ApplicationStyle", "ApplicationStyle", "{C5CB18FA-A406-45BE-9BDC-E14F86ADD0F3}"
EndProject
Project("{2150E333-8FDC-42A3-9474-1A3956D46DE8}") = "DatabaseCore", "DatabaseCore", "{D775E863-D3AC-4199-AD95-F208D8EC49EB}"
EndProject
Project("{FAE04EC0-301F-11D3-BF4B-00C04F79EFBC}") = "DatabaseModels", "DatabaseModels\DatabaseModels.csproj", "{A752C839-BB6E-44B6-913C-C8C82E2E7CF2}"
EndProject
Project("{FAE04EC0-301F-11D3-BF4B-00C04F79EFBC}") = "TestApp.Android", "TestApp\TestApp.Android\TestApp.Android.csproj", "{A85032E5-8A75-436C-9EA6-3C11C3FA6BB7}"
EndProject
Project("{FAE04EC0-301F-11D3-BF4B-00C04F79EFBC}") = "TestApp.iOS", "TestApp\TestApp.iOS\TestApp.iOS.csproj", "{7D1780B5-4348-4EB1-B65E-EBB44F23C391}"
EndProject
Project("{9A19103F-16F7-4668-BE54-9A1E7A4F7556}") = "TestApp", "TestApp\TestApp\TestApp.csproj", "{64DC3697-507C-41BA-99ED-2D94A9BA5112}"
EndProject
Project("{FAE04EC0-301F-11D3-BF4B-00C04F79EFBC}") = "DatabaseHost", "DatabaseHost\DatabaseHost.csproj", "{3F738A52-A76E-4D30-AD89-9F272E9EF6A6}"
EndProject
Project("{2150E333-8FDC-42A3-9474-1A3956D46DE8}") = "DatabaseClient", "DatabaseClient", "{6FB44326-4D08-4BB0-A6AE-DBF201F2A480}"
EndProject
Project("{FAE04EC0-301F-11D3-BF4B-00C04F79EFBC}") = "EdlightDataClient", "EdlightDataClient\EdlightDataClient.csproj", "{EB538BED-34DE-4110-A98C-BC26FB3B9EAB}"
EndProject
Project("{9A19103F-16F7-4668-BE54-9A1E7A4F7556}") = "EdlightWebApi", "EdlightWebApi\EdlightWebApi.csproj", "{54A821E1-F82E-4E02-A2BA-44F09AFD8826}"
EndProject
Project("{FAE04EC0-301F-11D3-BF4B-00C04F79EFBC}") = "ApplicationModels", "ApplicationModels\ApplicationModels.csproj", "{3BC9C9C3-3EE8-476B-AFEE-6C113A9D5650}"
EndProject
Project("{FAE04EC0-301F-11D3-BF4B-00C04F79EFBC}") = "ApplicationServices", "ApplicationServices\ApplicationServices.csproj", "{E41AAC81-C245-4A3B-8AFA-33120C36B53A}"
EndProject
Global
	GlobalSection(SolutionConfigurationPlatforms) = preSolution
		Debug|Any CPU = Debug|Any CPU
		Debug|ARM = Debug|ARM
		Debug|iPhone = Debug|iPhone
		Debug|iPhoneSimulator = Debug|iPhoneSimulator
		Debug|x64 = Debug|x64
		Debug|x86 = Debug|x86
		Release|Any CPU = Release|Any CPU
		Release|ARM = Release|ARM
		Release|iPhone = Release|iPhone
		Release|iPhoneSimulator = Release|iPhoneSimulator
		Release|x64 = Release|x64
		Release|x86 = Release|x86
	EndGlobalSection
	GlobalSection(ProjectConfigurationPlatforms) = postSolution
		{A752C839-BB6E-44B6-913C-C8C82E2E7CF2}.Debug|Any CPU.ActiveCfg = Debug|Any CPU
		{A752C839-BB6E-44B6-913C-C8C82E2E7CF2}.Debug|Any CPU.Build.0 = Debug|Any CPU
		{A752C839-BB6E-44B6-913C-C8C82E2E7CF2}.Debug|ARM.ActiveCfg = Debug|Any CPU
		{A752C839-BB6E-44B6-913C-C8C82E2E7CF2}.Debug|ARM.Build.0 = Debug|Any CPU
		{A752C839-BB6E-44B6-913C-C8C82E2E7CF2}.Debug|iPhone.ActiveCfg = Debug|Any CPU
		{A752C839-BB6E-44B6-913C-C8C82E2E7CF2}.Debug|iPhone.Build.0 = Debug|Any CPU
		{A752C839-BB6E-44B6-913C-C8C82E2E7CF2}.Debug|iPhoneSimulator.ActiveCfg = Debug|Any CPU
		{A752C839-BB6E-44B6-913C-C8C82E2E7CF2}.Debug|iPhoneSimulator.Build.0 = Debug|Any CPU
		{A752C839-BB6E-44B6-913C-C8C82E2E7CF2}.Debug|x64.ActiveCfg = Debug|Any CPU
		{A752C839-BB6E-44B6-913C-C8C82E2E7CF2}.Debug|x64.Build.0 = Debug|Any CPU
		{A752C839-BB6E-44B6-913C-C8C82E2E7CF2}.Debug|x86.ActiveCfg = Debug|Any CPU
		{A752C839-BB6E-44B6-913C-C8C82E2E7CF2}.Debug|x86.Build.0 = Debug|Any CPU
		{A752C839-BB6E-44B6-913C-C8C82E2E7CF2}.Release|Any CPU.ActiveCfg = Release|Any CPU
		{A752C839-BB6E-44B6-913C-C8C82E2E7CF2}.Release|Any CPU.Build.0 = Release|Any CPU
		{A752C839-BB6E-44B6-913C-C8C82E2E7CF2}.Release|ARM.ActiveCfg = Release|Any CPU
		{A752C839-BB6E-44B6-913C-C8C82E2E7CF2}.Release|ARM.Build.0 = Release|Any CPU
		{A752C839-BB6E-44B6-913C-C8C82E2E7CF2}.Release|iPhone.ActiveCfg = Release|Any CPU
		{A752C839-BB6E-44B6-913C-C8C82E2E7CF2}.Release|iPhone.Build.0 = Release|Any CPU
		{A752C839-BB6E-44B6-913C-C8C82E2E7CF2}.Release|iPhoneSimulator.ActiveCfg = Release|Any CPU
		{A752C839-BB6E-44B6-913C-C8C82E2E7CF2}.Release|iPhoneSimulator.Build.0 = Release|Any CPU
		{A752C839-BB6E-44B6-913C-C8C82E2E7CF2}.Release|x64.ActiveCfg = Release|Any CPU
		{A752C839-BB6E-44B6-913C-C8C82E2E7CF2}.Release|x64.Build.0 = Release|Any CPU
		{A752C839-BB6E-44B6-913C-C8C82E2E7CF2}.Release|x86.ActiveCfg = Release|Any CPU
		{A752C839-BB6E-44B6-913C-C8C82E2E7CF2}.Release|x86.Build.0 = Release|Any CPU
		{A85032E5-8A75-436C-9EA6-3C11C3FA6BB7}.Debug|Any CPU.ActiveCfg = Debug|Any CPU
		{A85032E5-8A75-436C-9EA6-3C11C3FA6BB7}.Debug|Any CPU.Build.0 = Debug|Any CPU
		{A85032E5-8A75-436C-9EA6-3C11C3FA6BB7}.Debug|Any CPU.Deploy.0 = Debug|Any CPU
		{A85032E5-8A75-436C-9EA6-3C11C3FA6BB7}.Debug|ARM.ActiveCfg = Debug|Any CPU
		{A85032E5-8A75-436C-9EA6-3C11C3FA6BB7}.Debug|ARM.Build.0 = Debug|Any CPU
		{A85032E5-8A75-436C-9EA6-3C11C3FA6BB7}.Debug|ARM.Deploy.0 = Debug|Any CPU
		{A85032E5-8A75-436C-9EA6-3C11C3FA6BB7}.Debug|iPhone.ActiveCfg = Debug|Any CPU
		{A85032E5-8A75-436C-9EA6-3C11C3FA6BB7}.Debug|iPhone.Build.0 = Debug|Any CPU
		{A85032E5-8A75-436C-9EA6-3C11C3FA6BB7}.Debug|iPhone.Deploy.0 = Debug|Any CPU
		{A85032E5-8A75-436C-9EA6-3C11C3FA6BB7}.Debug|iPhoneSimulator.ActiveCfg = Debug|Any CPU
		{A85032E5-8A75-436C-9EA6-3C11C3FA6BB7}.Debug|iPhoneSimulator.Build.0 = Debug|Any CPU
		{A85032E5-8A75-436C-9EA6-3C11C3FA6BB7}.Debug|iPhoneSimulator.Deploy.0 = Debug|Any CPU
		{A85032E5-8A75-436C-9EA6-3C11C3FA6BB7}.Debug|x64.ActiveCfg = Debug|Any CPU
		{A85032E5-8A75-436C-9EA6-3C11C3FA6BB7}.Debug|x64.Build.0 = Debug|Any CPU
		{A85032E5-8A75-436C-9EA6-3C11C3FA6BB7}.Debug|x64.Deploy.0 = Debug|Any CPU
		{A85032E5-8A75-436C-9EA6-3C11C3FA6BB7}.Debug|x86.ActiveCfg = Debug|Any CPU
		{A85032E5-8A75-436C-9EA6-3C11C3FA6BB7}.Debug|x86.Build.0 = Debug|Any CPU
		{A85032E5-8A75-436C-9EA6-3C11C3FA6BB7}.Debug|x86.Deploy.0 = Debug|Any CPU
		{A85032E5-8A75-436C-9EA6-3C11C3FA6BB7}.Release|Any CPU.ActiveCfg = Release|Any CPU
		{A85032E5-8A75-436C-9EA6-3C11C3FA6BB7}.Release|Any CPU.Build.0 = Release|Any CPU
		{A85032E5-8A75-436C-9EA6-3C11C3FA6BB7}.Release|Any CPU.Deploy.0 = Release|Any CPU
		{A85032E5-8A75-436C-9EA6-3C11C3FA6BB7}.Release|ARM.ActiveCfg = Release|Any CPU
		{A85032E5-8A75-436C-9EA6-3C11C3FA6BB7}.Release|ARM.Build.0 = Release|Any CPU
		{A85032E5-8A75-436C-9EA6-3C11C3FA6BB7}.Release|ARM.Deploy.0 = Release|Any CPU
		{A85032E5-8A75-436C-9EA6-3C11C3FA6BB7}.Release|iPhone.ActiveCfg = Release|Any CPU
		{A85032E5-8A75-436C-9EA6-3C11C3FA6BB7}.Release|iPhone.Build.0 = Release|Any CPU
		{A85032E5-8A75-436C-9EA6-3C11C3FA6BB7}.Release|iPhone.Deploy.0 = Release|Any CPU
		{A85032E5-8A75-436C-9EA6-3C11C3FA6BB7}.Release|iPhoneSimulator.ActiveCfg = Release|Any CPU
		{A85032E5-8A75-436C-9EA6-3C11C3FA6BB7}.Release|iPhoneSimulator.Build.0 = Release|Any CPU
		{A85032E5-8A75-436C-9EA6-3C11C3FA6BB7}.Release|iPhoneSimulator.Deploy.0 = Release|Any CPU
		{A85032E5-8A75-436C-9EA6-3C11C3FA6BB7}.Release|x64.ActiveCfg = Release|Any CPU
		{A85032E5-8A75-436C-9EA6-3C11C3FA6BB7}.Release|x64.Build.0 = Release|Any CPU
		{A85032E5-8A75-436C-9EA6-3C11C3FA6BB7}.Release|x64.Deploy.0 = Release|Any CPU
		{A85032E5-8A75-436C-9EA6-3C11C3FA6BB7}.Release|x86.ActiveCfg = Release|Any CPU
		{A85032E5-8A75-436C-9EA6-3C11C3FA6BB7}.Release|x86.Build.0 = Release|Any CPU
		{A85032E5-8A75-436C-9EA6-3C11C3FA6BB7}.Release|x86.Deploy.0 = Release|Any CPU
		{7D1780B5-4348-4EB1-B65E-EBB44F23C391}.Debug|Any CPU.ActiveCfg = Debug|iPhoneSimulator
		{7D1780B5-4348-4EB1-B65E-EBB44F23C391}.Debug|ARM.ActiveCfg = Debug|iPhoneSimulator
		{7D1780B5-4348-4EB1-B65E-EBB44F23C391}.Debug|iPhone.ActiveCfg = Debug|iPhone
		{7D1780B5-4348-4EB1-B65E-EBB44F23C391}.Debug|iPhone.Build.0 = Debug|iPhone
		{7D1780B5-4348-4EB1-B65E-EBB44F23C391}.Debug|iPhoneSimulator.ActiveCfg = Debug|iPhoneSimulator
		{7D1780B5-4348-4EB1-B65E-EBB44F23C391}.Debug|iPhoneSimulator.Build.0 = Debug|iPhoneSimulator
		{7D1780B5-4348-4EB1-B65E-EBB44F23C391}.Debug|x64.ActiveCfg = Debug|iPhoneSimulator
		{7D1780B5-4348-4EB1-B65E-EBB44F23C391}.Debug|x86.ActiveCfg = Debug|iPhoneSimulator
		{7D1780B5-4348-4EB1-B65E-EBB44F23C391}.Release|Any CPU.ActiveCfg = Release|iPhoneSimulator
		{7D1780B5-4348-4EB1-B65E-EBB44F23C391}.Release|ARM.ActiveCfg = Release|iPhoneSimulator
		{7D1780B5-4348-4EB1-B65E-EBB44F23C391}.Release|iPhone.ActiveCfg = Release|iPhone
		{7D1780B5-4348-4EB1-B65E-EBB44F23C391}.Release|iPhone.Build.0 = Release|iPhone
		{7D1780B5-4348-4EB1-B65E-EBB44F23C391}.Release|iPhoneSimulator.ActiveCfg = Release|iPhoneSimulator
		{7D1780B5-4348-4EB1-B65E-EBB44F23C391}.Release|iPhoneSimulator.Build.0 = Release|iPhoneSimulator
		{7D1780B5-4348-4EB1-B65E-EBB44F23C391}.Release|x64.ActiveCfg = Release|iPhoneSimulator
		{7D1780B5-4348-4EB1-B65E-EBB44F23C391}.Release|x86.ActiveCfg = Release|iPhoneSimulator
		{64DC3697-507C-41BA-99ED-2D94A9BA5112}.Debug|Any CPU.ActiveCfg = Debug|Any CPU
		{64DC3697-507C-41BA-99ED-2D94A9BA5112}.Debug|Any CPU.Build.0 = Debug|Any CPU
		{64DC3697-507C-41BA-99ED-2D94A9BA5112}.Debug|ARM.ActiveCfg = Debug|Any CPU
		{64DC3697-507C-41BA-99ED-2D94A9BA5112}.Debug|ARM.Build.0 = Debug|Any CPU
		{64DC3697-507C-41BA-99ED-2D94A9BA5112}.Debug|iPhone.ActiveCfg = Debug|Any CPU
		{64DC3697-507C-41BA-99ED-2D94A9BA5112}.Debug|iPhone.Build.0 = Debug|Any CPU
		{64DC3697-507C-41BA-99ED-2D94A9BA5112}.Debug|iPhoneSimulator.ActiveCfg = Debug|Any CPU
		{64DC3697-507C-41BA-99ED-2D94A9BA5112}.Debug|iPhoneSimulator.Build.0 = Debug|Any CPU
		{64DC3697-507C-41BA-99ED-2D94A9BA5112}.Debug|x64.ActiveCfg = Debug|Any CPU
		{64DC3697-507C-41BA-99ED-2D94A9BA5112}.Debug|x64.Build.0 = Debug|Any CPU
		{64DC3697-507C-41BA-99ED-2D94A9BA5112}.Debug|x86.ActiveCfg = Debug|Any CPU
		{64DC3697-507C-41BA-99ED-2D94A9BA5112}.Debug|x86.Build.0 = Debug|Any CPU
		{64DC3697-507C-41BA-99ED-2D94A9BA5112}.Release|Any CPU.ActiveCfg = Release|Any CPU
		{64DC3697-507C-41BA-99ED-2D94A9BA5112}.Release|Any CPU.Build.0 = Release|Any CPU
		{64DC3697-507C-41BA-99ED-2D94A9BA5112}.Release|ARM.ActiveCfg = Release|Any CPU
		{64DC3697-507C-41BA-99ED-2D94A9BA5112}.Release|ARM.Build.0 = Release|Any CPU
		{64DC3697-507C-41BA-99ED-2D94A9BA5112}.Release|iPhone.ActiveCfg = Release|Any CPU
		{64DC3697-507C-41BA-99ED-2D94A9BA5112}.Release|iPhone.Build.0 = Release|Any CPU
		{64DC3697-507C-41BA-99ED-2D94A9BA5112}.Release|iPhoneSimulator.ActiveCfg = Release|Any CPU
		{64DC3697-507C-41BA-99ED-2D94A9BA5112}.Release|iPhoneSimulator.Build.0 = Release|Any CPU
		{64DC3697-507C-41BA-99ED-2D94A9BA5112}.Release|x64.ActiveCfg = Release|Any CPU
		{64DC3697-507C-41BA-99ED-2D94A9BA5112}.Release|x64.Build.0 = Release|Any CPU
		{64DC3697-507C-41BA-99ED-2D94A9BA5112}.Release|x86.ActiveCfg = Release|Any CPU
		{64DC3697-507C-41BA-99ED-2D94A9BA5112}.Release|x86.Build.0 = Release|Any CPU
		{3F738A52-A76E-4D30-AD89-9F272E9EF6A6}.Debug|Any CPU.ActiveCfg = Debug|Any CPU
		{3F738A52-A76E-4D30-AD89-9F272E9EF6A6}.Debug|Any CPU.Build.0 = Debug|Any CPU
		{3F738A52-A76E-4D30-AD89-9F272E9EF6A6}.Debug|ARM.ActiveCfg = Debug|Any CPU
		{3F738A52-A76E-4D30-AD89-9F272E9EF6A6}.Debug|ARM.Build.0 = Debug|Any CPU
		{3F738A52-A76E-4D30-AD89-9F272E9EF6A6}.Debug|iPhone.ActiveCfg = Debug|Any CPU
		{3F738A52-A76E-4D30-AD89-9F272E9EF6A6}.Debug|iPhone.Build.0 = Debug|Any CPU
		{3F738A52-A76E-4D30-AD89-9F272E9EF6A6}.Debug|iPhoneSimulator.ActiveCfg = Debug|Any CPU
		{3F738A52-A76E-4D30-AD89-9F272E9EF6A6}.Debug|iPhoneSimulator.Build.0 = Debug|Any CPU
		{3F738A52-A76E-4D30-AD89-9F272E9EF6A6}.Debug|x64.ActiveCfg = Debug|Any CPU
		{3F738A52-A76E-4D30-AD89-9F272E9EF6A6}.Debug|x64.Build.0 = Debug|Any CPU
		{3F738A52-A76E-4D30-AD89-9F272E9EF6A6}.Debug|x86.ActiveCfg = Debug|Any CPU
		{3F738A52-A76E-4D30-AD89-9F272E9EF6A6}.Debug|x86.Build.0 = Debug|Any CPU
		{3F738A52-A76E-4D30-AD89-9F272E9EF6A6}.Release|Any CPU.ActiveCfg = Release|Any CPU
		{3F738A52-A76E-4D30-AD89-9F272E9EF6A6}.Release|Any CPU.Build.0 = Release|Any CPU
		{3F738A52-A76E-4D30-AD89-9F272E9EF6A6}.Release|ARM.ActiveCfg = Release|Any CPU
		{3F738A52-A76E-4D30-AD89-9F272E9EF6A6}.Release|ARM.Build.0 = Release|Any CPU
		{3F738A52-A76E-4D30-AD89-9F272E9EF6A6}.Release|iPhone.ActiveCfg = Release|Any CPU
		{3F738A52-A76E-4D30-AD89-9F272E9EF6A6}.Release|iPhone.Build.0 = Release|Any CPU
		{3F738A52-A76E-4D30-AD89-9F272E9EF6A6}.Release|iPhoneSimulator.ActiveCfg = Release|Any CPU
		{3F738A52-A76E-4D30-AD89-9F272E9EF6A6}.Release|iPhoneSimulator.Build.0 = Release|Any CPU
		{3F738A52-A76E-4D30-AD89-9F272E9EF6A6}.Release|x64.ActiveCfg = Release|Any CPU
		{3F738A52-A76E-4D30-AD89-9F272E9EF6A6}.Release|x64.Build.0 = Release|Any CPU
		{3F738A52-A76E-4D30-AD89-9F272E9EF6A6}.Release|x86.ActiveCfg = Release|Any CPU
		{3F738A52-A76E-4D30-AD89-9F272E9EF6A6}.Release|x86.Build.0 = Release|Any CPU
		{EB538BED-34DE-4110-A98C-BC26FB3B9EAB}.Debug|Any CPU.ActiveCfg = Debug|Any CPU
		{EB538BED-34DE-4110-A98C-BC26FB3B9EAB}.Debug|Any CPU.Build.0 = Debug|Any CPU
		{EB538BED-34DE-4110-A98C-BC26FB3B9EAB}.Debug|ARM.ActiveCfg = Debug|Any CPU
		{EB538BED-34DE-4110-A98C-BC26FB3B9EAB}.Debug|ARM.Build.0 = Debug|Any CPU
		{EB538BED-34DE-4110-A98C-BC26FB3B9EAB}.Debug|iPhone.ActiveCfg = Debug|Any CPU
		{EB538BED-34DE-4110-A98C-BC26FB3B9EAB}.Debug|iPhone.Build.0 = Debug|Any CPU
		{EB538BED-34DE-4110-A98C-BC26FB3B9EAB}.Debug|iPhoneSimulator.ActiveCfg = Debug|Any CPU
		{EB538BED-34DE-4110-A98C-BC26FB3B9EAB}.Debug|iPhoneSimulator.Build.0 = Debug|Any CPU
		{EB538BED-34DE-4110-A98C-BC26FB3B9EAB}.Debug|x64.ActiveCfg = Debug|Any CPU
		{EB538BED-34DE-4110-A98C-BC26FB3B9EAB}.Debug|x64.Build.0 = Debug|Any CPU
		{EB538BED-34DE-4110-A98C-BC26FB3B9EAB}.Debug|x86.ActiveCfg = Debug|Any CPU
		{EB538BED-34DE-4110-A98C-BC26FB3B9EAB}.Debug|x86.Build.0 = Debug|Any CPU
		{EB538BED-34DE-4110-A98C-BC26FB3B9EAB}.Release|Any CPU.ActiveCfg = Release|Any CPU
		{EB538BED-34DE-4110-A98C-BC26FB3B9EAB}.Release|Any CPU.Build.0 = Release|Any CPU
		{EB538BED-34DE-4110-A98C-BC26FB3B9EAB}.Release|ARM.ActiveCfg = Release|Any CPU
		{EB538BED-34DE-4110-A98C-BC26FB3B9EAB}.Release|ARM.Build.0 = Release|Any CPU
		{EB538BED-34DE-4110-A98C-BC26FB3B9EAB}.Release|iPhone.ActiveCfg = Release|Any CPU
		{EB538BED-34DE-4110-A98C-BC26FB3B9EAB}.Release|iPhone.Build.0 = Release|Any CPU
		{EB538BED-34DE-4110-A98C-BC26FB3B9EAB}.Release|iPhoneSimulator.ActiveCfg = Release|Any CPU
		{EB538BED-34DE-4110-A98C-BC26FB3B9EAB}.Release|iPhoneSimulator.Build.0 = Release|Any CPU
		{EB538BED-34DE-4110-A98C-BC26FB3B9EAB}.Release|x64.ActiveCfg = Release|Any CPU
		{EB538BED-34DE-4110-A98C-BC26FB3B9EAB}.Release|x64.Build.0 = Release|Any CPU
		{EB538BED-34DE-4110-A98C-BC26FB3B9EAB}.Release|x86.ActiveCfg = Release|Any CPU
		{EB538BED-34DE-4110-A98C-BC26FB3B9EAB}.Release|x86.Build.0 = Release|Any CPU
		{54A821E1-F82E-4E02-A2BA-44F09AFD8826}.Debug|Any CPU.ActiveCfg = Debug|Any CPU
		{54A821E1-F82E-4E02-A2BA-44F09AFD8826}.Debug|Any CPU.Build.0 = Debug|Any CPU
		{54A821E1-F82E-4E02-A2BA-44F09AFD8826}.Debug|ARM.ActiveCfg = Debug|Any CPU
		{54A821E1-F82E-4E02-A2BA-44F09AFD8826}.Debug|ARM.Build.0 = Debug|Any CPU
		{54A821E1-F82E-4E02-A2BA-44F09AFD8826}.Debug|iPhone.ActiveCfg = Debug|Any CPU
		{54A821E1-F82E-4E02-A2BA-44F09AFD8826}.Debug|iPhone.Build.0 = Debug|Any CPU
		{54A821E1-F82E-4E02-A2BA-44F09AFD8826}.Debug|iPhoneSimulator.ActiveCfg = Debug|Any CPU
		{54A821E1-F82E-4E02-A2BA-44F09AFD8826}.Debug|iPhoneSimulator.Build.0 = Debug|Any CPU
		{54A821E1-F82E-4E02-A2BA-44F09AFD8826}.Debug|x64.ActiveCfg = Debug|Any CPU
		{54A821E1-F82E-4E02-A2BA-44F09AFD8826}.Debug|x64.Build.0 = Debug|Any CPU
		{54A821E1-F82E-4E02-A2BA-44F09AFD8826}.Debug|x86.ActiveCfg = Debug|Any CPU
		{54A821E1-F82E-4E02-A2BA-44F09AFD8826}.Debug|x86.Build.0 = Debug|Any CPU
		{54A821E1-F82E-4E02-A2BA-44F09AFD8826}.Release|Any CPU.ActiveCfg = Release|Any CPU
		{54A821E1-F82E-4E02-A2BA-44F09AFD8826}.Release|Any CPU.Build.0 = Release|Any CPU
		{54A821E1-F82E-4E02-A2BA-44F09AFD8826}.Release|ARM.ActiveCfg = Release|Any CPU
		{54A821E1-F82E-4E02-A2BA-44F09AFD8826}.Release|ARM.Build.0 = Release|Any CPU
		{54A821E1-F82E-4E02-A2BA-44F09AFD8826}.Release|iPhone.ActiveCfg = Release|Any CPU
		{54A821E1-F82E-4E02-A2BA-44F09AFD8826}.Release|iPhone.Build.0 = Release|Any CPU
		{54A821E1-F82E-4E02-A2BA-44F09AFD8826}.Release|iPhoneSimulator.ActiveCfg = Release|Any CPU
		{54A821E1-F82E-4E02-A2BA-44F09AFD8826}.Release|iPhoneSimulator.Build.0 = Release|Any CPU
		{54A821E1-F82E-4E02-A2BA-44F09AFD8826}.Release|x64.ActiveCfg = Release|Any CPU
		{54A821E1-F82E-4E02-A2BA-44F09AFD8826}.Release|x64.Build.0 = Release|Any CPU
		{54A821E1-F82E-4E02-A2BA-44F09AFD8826}.Release|x86.ActiveCfg = Release|Any CPU
		{54A821E1-F82E-4E02-A2BA-44F09AFD8826}.Release|x86.Build.0 = Release|Any CPU
		{3BC9C9C3-3EE8-476B-AFEE-6C113A9D5650}.Debug|Any CPU.ActiveCfg = Debug|Any CPU
		{3BC9C9C3-3EE8-476B-AFEE-6C113A9D5650}.Debug|Any CPU.Build.0 = Debug|Any CPU
		{3BC9C9C3-3EE8-476B-AFEE-6C113A9D5650}.Debug|ARM.ActiveCfg = Debug|Any CPU
		{3BC9C9C3-3EE8-476B-AFEE-6C113A9D5650}.Debug|ARM.Build.0 = Debug|Any CPU
		{3BC9C9C3-3EE8-476B-AFEE-6C113A9D5650}.Debug|iPhone.ActiveCfg = Debug|Any CPU
		{3BC9C9C3-3EE8-476B-AFEE-6C113A9D5650}.Debug|iPhone.Build.0 = Debug|Any CPU
		{3BC9C9C3-3EE8-476B-AFEE-6C113A9D5650}.Debug|iPhoneSimulator.ActiveCfg = Debug|Any CPU
		{3BC9C9C3-3EE8-476B-AFEE-6C113A9D5650}.Debug|iPhoneSimulator.Build.0 = Debug|Any CPU
		{3BC9C9C3-3EE8-476B-AFEE-6C113A9D5650}.Debug|x64.ActiveCfg = Debug|Any CPU
		{3BC9C9C3-3EE8-476B-AFEE-6C113A9D5650}.Debug|x64.Build.0 = Debug|Any CPU
		{3BC9C9C3-3EE8-476B-AFEE-6C113A9D5650}.Debug|x86.ActiveCfg = Debug|Any CPU
		{3BC9C9C3-3EE8-476B-AFEE-6C113A9D5650}.Debug|x86.Build.0 = Debug|Any CPU
		{3BC9C9C3-3EE8-476B-AFEE-6C113A9D5650}.Release|Any CPU.ActiveCfg = Release|Any CPU
		{3BC9C9C3-3EE8-476B-AFEE-6C113A9D5650}.Release|Any CPU.Build.0 = Release|Any CPU
		{3BC9C9C3-3EE8-476B-AFEE-6C113A9D5650}.Release|ARM.ActiveCfg = Release|Any CPU
		{3BC9C9C3-3EE8-476B-AFEE-6C113A9D5650}.Release|ARM.Build.0 = Release|Any CPU
		{3BC9C9C3-3EE8-476B-AFEE-6C113A9D5650}.Release|iPhone.ActiveCfg = Release|Any CPU
		{3BC9C9C3-3EE8-476B-AFEE-6C113A9D5650}.Release|iPhone.Build.0 = Release|Any CPU
		{3BC9C9C3-3EE8-476B-AFEE-6C113A9D5650}.Release|iPhoneSimulator.ActiveCfg = Release|Any CPU
		{3BC9C9C3-3EE8-476B-AFEE-6C113A9D5650}.Release|iPhoneSimulator.Build.0 = Release|Any CPU
		{3BC9C9C3-3EE8-476B-AFEE-6C113A9D5650}.Release|x64.ActiveCfg = Release|Any CPU
		{3BC9C9C3-3EE8-476B-AFEE-6C113A9D5650}.Release|x64.Build.0 = Release|Any CPU
		{3BC9C9C3-3EE8-476B-AFEE-6C113A9D5650}.Release|x86.ActiveCfg = Release|Any CPU
		{3BC9C9C3-3EE8-476B-AFEE-6C113A9D5650}.Release|x86.Build.0 = Release|Any CPU
		{E41AAC81-C245-4A3B-8AFA-33120C36B53A}.Debug|Any CPU.ActiveCfg = Debug|Any CPU
		{E41AAC81-C245-4A3B-8AFA-33120C36B53A}.Debug|Any CPU.Build.0 = Debug|Any CPU
		{E41AAC81-C245-4A3B-8AFA-33120C36B53A}.Debug|ARM.ActiveCfg = Debug|Any CPU
		{E41AAC81-C245-4A3B-8AFA-33120C36B53A}.Debug|ARM.Build.0 = Debug|Any CPU
		{E41AAC81-C245-4A3B-8AFA-33120C36B53A}.Debug|iPhone.ActiveCfg = Debug|Any CPU
		{E41AAC81-C245-4A3B-8AFA-33120C36B53A}.Debug|iPhone.Build.0 = Debug|Any CPU
		{E41AAC81-C245-4A3B-8AFA-33120C36B53A}.Debug|iPhoneSimulator.ActiveCfg = Debug|Any CPU
		{E41AAC81-C245-4A3B-8AFA-33120C36B53A}.Debug|iPhoneSimulator.Build.0 = Debug|Any CPU
		{E41AAC81-C245-4A3B-8AFA-33120C36B53A}.Debug|x64.ActiveCfg = Debug|Any CPU
		{E41AAC81-C245-4A3B-8AFA-33120C36B53A}.Debug|x64.Build.0 = Debug|Any CPU
		{E41AAC81-C245-4A3B-8AFA-33120C36B53A}.Debug|x86.ActiveCfg = Debug|Any CPU
		{E41AAC81-C245-4A3B-8AFA-33120C36B53A}.Debug|x86.Build.0 = Debug|Any CPU
		{E41AAC81-C245-4A3B-8AFA-33120C36B53A}.Release|Any CPU.ActiveCfg = Release|Any CPU
		{E41AAC81-C245-4A3B-8AFA-33120C36B53A}.Release|Any CPU.Build.0 = Release|Any CPU
		{E41AAC81-C245-4A3B-8AFA-33120C36B53A}.Release|ARM.ActiveCfg = Release|Any CPU
		{E41AAC81-C245-4A3B-8AFA-33120C36B53A}.Release|ARM.Build.0 = Release|Any CPU
		{E41AAC81-C245-4A3B-8AFA-33120C36B53A}.Release|iPhone.ActiveCfg = Release|Any CPU
		{E41AAC81-C245-4A3B-8AFA-33120C36B53A}.Release|iPhone.Build.0 = Release|Any CPU
		{E41AAC81-C245-4A3B-8AFA-33120C36B53A}.Release|iPhoneSimulator.ActiveCfg = Release|Any CPU
		{E41AAC81-C245-4A3B-8AFA-33120C36B53A}.Release|iPhoneSimulator.Build.0 = Release|Any CPU
		{E41AAC81-C245-4A3B-8AFA-33120C36B53A}.Release|x64.ActiveCfg = Release|Any CPU
		{E41AAC81-C245-4A3B-8AFA-33120C36B53A}.Release|x64.Build.0 = Release|Any CPU
		{E41AAC81-C245-4A3B-8AFA-33120C36B53A}.Release|x86.ActiveCfg = Release|Any CPU
		{E41AAC81-C245-4A3B-8AFA-33120C36B53A}.Release|x86.Build.0 = Release|Any CPU
	EndGlobalSection
	GlobalSection(SolutionProperties) = preSolution
		HideSolutionNode = FALSE
	EndGlobalSection
	GlobalSection(NestedProjects) = preSolution
		{A752C839-BB6E-44B6-913C-C8C82E2E7CF2} = {D775E863-D3AC-4199-AD95-F208D8EC49EB}
		{A85032E5-8A75-436C-9EA6-3C11C3FA6BB7} = {BBC861A4-F0A2-42DF-A74D-EE9865DAD11E}
		{7D1780B5-4348-4EB1-B65E-EBB44F23C391} = {BBC861A4-F0A2-42DF-A74D-EE9865DAD11E}
		{64DC3697-507C-41BA-99ED-2D94A9BA5112} = {BBC861A4-F0A2-42DF-A74D-EE9865DAD11E}
		{3F738A52-A76E-4D30-AD89-9F272E9EF6A6} = {D775E863-D3AC-4199-AD95-F208D8EC49EB}
		{EB538BED-34DE-4110-A98C-BC26FB3B9EAB} = {6FB44326-4D08-4BB0-A6AE-DBF201F2A480}
		{54A821E1-F82E-4E02-A2BA-44F09AFD8826} = {EA53D6FC-44DB-487E-A149-7A5503D54DDD}
		{3BC9C9C3-3EE8-476B-AFEE-6C113A9D5650} = {BCC24F5D-8FAB-4593-8CAB-009CA431A665}
		{E41AAC81-C245-4A3B-8AFA-33120C36B53A} = {BCC24F5D-8FAB-4593-8CAB-009CA431A665}
	EndGlobalSection
	GlobalSection(ExtensibilityGlobals) = postSolution
		SolutionGuid = {4F74F474-4B76-4E90-9890-B99E08751918}
	EndGlobalSection
EndGlobal
