
Microsoft Visual Studio Solution File, Format Version 12.00
# Visual Studio Version 16
VisualStudioVersion = 16.0.30621.155
MinimumVisualStudioVersion = 10.0.40219.1
Project("{2150E333-8FDC-42A3-9474-1A3956D46DE8}") = "ClientDesktop", "ClientDesktop", "{0423A369-B09A-4540-A3D7-29959A3E58E0}"
EndProject
Project("{2150E333-8FDC-42A3-9474-1A3956D46DE8}") = "ClientXamarin", "ClientXamarin", "{BBC861A4-F0A2-42DF-A74D-EE9865DAD11E}"
EndProject
Project("{2150E333-8FDC-42A3-9474-1A3956D46DE8}") = "ApplicationCore", "ApplicationCore", "{BCC24F5D-8FAB-4593-8CAB-009CA431A665}"
EndProject
Project("{2150E333-8FDC-42A3-9474-1A3956D46DE8}") = "ApplicationStyle", "ApplicationStyle", "{C5CB18FA-A406-45BE-9BDC-E14F86ADD0F3}"
EndProject
Project("{FAE04EC0-301F-11D3-BF4B-00C04F79EFBC}") = "ApplicationModels", "ApplicationModels\ApplicationModels.csproj", "{3BC9C9C3-3EE8-476B-AFEE-6C113A9D5650}"
EndProject
Project("{FAE04EC0-301F-11D3-BF4B-00C04F79EFBC}") = "ApplicationServices", "ApplicationServices\ApplicationServices.csproj", "{E41AAC81-C245-4A3B-8AFA-33120C36B53A}"
EndProject
Project("{9A19103F-16F7-4668-BE54-9A1E7A4F7556}") = "EdlightMobileClient", "EdlightMobileClient\EdlightMobileClient\EdlightMobileClient.csproj", "{C53AC813-8AE9-4C89-A48D-B73907D20239}"
EndProject
Project("{FAE04EC0-301F-11D3-BF4B-00C04F79EFBC}") = "EdlightMobileClient.Android", "EdlightMobileClient\EdlightMobileClient.Android\EdlightMobileClient.Android.csproj", "{011B19F9-412F-405A-9FC8-4EACA634039A}"
EndProject
Project("{9A19103F-16F7-4668-BE54-9A1E7A4F7556}") = "StaticCollections", "StaticCollections\StaticCollections.csproj", "{1BD0508B-1950-49DC-97BA-F9D36FA61EEC}"
EndProject
Project("{2150E333-8FDC-42A3-9474-1A3956D46DE8}") = "UnitTest", "UnitTest", "{D14185DC-5ED8-4AF6-93EE-9E0D5BA64F21}"
EndProject
Project("{FAE04EC0-301F-11D3-BF4B-00C04F79EFBC}") = "ApiTest", "ApiTest\ApiTest.csproj", "{6FF93302-5835-4A33-A53C-61B45ABC6F62}"
EndProject
Project("{FAE04EC0-301F-11D3-BF4B-00C04F79EFBC}") = "EdlightDesktopClient", "EdlightDesktopClient\EdlightDesktopClient.csproj", "{5C7C9C00-0178-4B25-AEC0-7003435963AC}"
EndProject
Project("{FAE04EC0-301F-11D3-BF4B-00C04F79EFBC}") = "Styles", "Styles\Styles.csproj", "{85AA63C8-3100-4151-A96F-EAC74682CFE3}"
EndProject
Project("{FAE04EC0-301F-11D3-BF4B-00C04F79EFBC}") = "ApplicationExceptions", "ApplicationExceptions\ApplicationExceptions.csproj", "{0287CC55-797A-4B99-A98C-779B9B4FD082}"
EndProject
Project("{FAE04EC0-301F-11D3-BF4B-00C04F79EFBC}") = "ApplicationWPFServices", "ApplicationWPFServices\ApplicationWPFServices.csproj", "{B4A94C54-EF41-4133-B9F2-84DA4A8FDF1D}"
EndProject
Project("{FAE04EC0-301F-11D3-BF4B-00C04F79EFBC}") = "ApplicationEnums", "ApplicationEnums\ApplicationEnums.csproj", "{9E267ED5-A3AD-4E88-A92B-C5597EA96824}"
EndProject
Global
	GlobalSection(SolutionConfigurationPlatforms) = preSolution
		Ad-Hoc|Any CPU = Ad-Hoc|Any CPU
		Ad-Hoc|ARM = Ad-Hoc|ARM
		Ad-Hoc|iPhone = Ad-Hoc|iPhone
		Ad-Hoc|iPhoneSimulator = Ad-Hoc|iPhoneSimulator
		Ad-Hoc|x64 = Ad-Hoc|x64
		Ad-Hoc|x86 = Ad-Hoc|x86
		AppStore|Any CPU = AppStore|Any CPU
		AppStore|ARM = AppStore|ARM
		AppStore|iPhone = AppStore|iPhone
		AppStore|iPhoneSimulator = AppStore|iPhoneSimulator
		AppStore|x64 = AppStore|x64
		AppStore|x86 = AppStore|x86
		Debug|Any CPU = Debug|Any CPU
		Debug|ARM = Debug|ARM
		Debug|iPhone = Debug|iPhone
		Debug|iPhoneSimulator = Debug|iPhoneSimulator
		Debug|x64 = Debug|x64
		Debug|x86 = Debug|x86
		Release|Any CPU = Release|Any CPU
		Release|ARM = Release|ARM
		Release|iPhone = Release|iPhone
		Release|iPhoneSimulator = Release|iPhoneSimulator
		Release|x64 = Release|x64
		Release|x86 = Release|x86
	EndGlobalSection
	GlobalSection(ProjectConfigurationPlatforms) = postSolution
		{3BC9C9C3-3EE8-476B-AFEE-6C113A9D5650}.Ad-Hoc|Any CPU.ActiveCfg = Release|Any CPU
		{3BC9C9C3-3EE8-476B-AFEE-6C113A9D5650}.Ad-Hoc|Any CPU.Build.0 = Release|Any CPU
		{3BC9C9C3-3EE8-476B-AFEE-6C113A9D5650}.Ad-Hoc|ARM.ActiveCfg = Release|Any CPU
		{3BC9C9C3-3EE8-476B-AFEE-6C113A9D5650}.Ad-Hoc|ARM.Build.0 = Release|Any CPU
		{3BC9C9C3-3EE8-476B-AFEE-6C113A9D5650}.Ad-Hoc|iPhone.ActiveCfg = Release|Any CPU
		{3BC9C9C3-3EE8-476B-AFEE-6C113A9D5650}.Ad-Hoc|iPhone.Build.0 = Release|Any CPU
		{3BC9C9C3-3EE8-476B-AFEE-6C113A9D5650}.Ad-Hoc|iPhoneSimulator.ActiveCfg = Release|Any CPU
		{3BC9C9C3-3EE8-476B-AFEE-6C113A9D5650}.Ad-Hoc|iPhoneSimulator.Build.0 = Release|Any CPU
		{3BC9C9C3-3EE8-476B-AFEE-6C113A9D5650}.Ad-Hoc|x64.ActiveCfg = Release|Any CPU
		{3BC9C9C3-3EE8-476B-AFEE-6C113A9D5650}.Ad-Hoc|x64.Build.0 = Release|Any CPU
		{3BC9C9C3-3EE8-476B-AFEE-6C113A9D5650}.Ad-Hoc|x86.ActiveCfg = Release|Any CPU
		{3BC9C9C3-3EE8-476B-AFEE-6C113A9D5650}.Ad-Hoc|x86.Build.0 = Release|Any CPU
		{3BC9C9C3-3EE8-476B-AFEE-6C113A9D5650}.AppStore|Any CPU.ActiveCfg = Release|Any CPU
		{3BC9C9C3-3EE8-476B-AFEE-6C113A9D5650}.AppStore|Any CPU.Build.0 = Release|Any CPU
		{3BC9C9C3-3EE8-476B-AFEE-6C113A9D5650}.AppStore|ARM.ActiveCfg = Release|Any CPU
		{3BC9C9C3-3EE8-476B-AFEE-6C113A9D5650}.AppStore|ARM.Build.0 = Release|Any CPU
		{3BC9C9C3-3EE8-476B-AFEE-6C113A9D5650}.AppStore|iPhone.ActiveCfg = Release|Any CPU
		{3BC9C9C3-3EE8-476B-AFEE-6C113A9D5650}.AppStore|iPhone.Build.0 = Release|Any CPU
		{3BC9C9C3-3EE8-476B-AFEE-6C113A9D5650}.AppStore|iPhoneSimulator.ActiveCfg = Release|Any CPU
		{3BC9C9C3-3EE8-476B-AFEE-6C113A9D5650}.AppStore|iPhoneSimulator.Build.0 = Release|Any CPU
		{3BC9C9C3-3EE8-476B-AFEE-6C113A9D5650}.AppStore|x64.ActiveCfg = Release|Any CPU
		{3BC9C9C3-3EE8-476B-AFEE-6C113A9D5650}.AppStore|x64.Build.0 = Release|Any CPU
		{3BC9C9C3-3EE8-476B-AFEE-6C113A9D5650}.AppStore|x86.ActiveCfg = Release|Any CPU
		{3BC9C9C3-3EE8-476B-AFEE-6C113A9D5650}.AppStore|x86.Build.0 = Release|Any CPU
		{3BC9C9C3-3EE8-476B-AFEE-6C113A9D5650}.Debug|Any CPU.ActiveCfg = Debug|Any CPU
		{3BC9C9C3-3EE8-476B-AFEE-6C113A9D5650}.Debug|Any CPU.Build.0 = Debug|Any CPU
		{3BC9C9C3-3EE8-476B-AFEE-6C113A9D5650}.Debug|ARM.ActiveCfg = Debug|Any CPU
		{3BC9C9C3-3EE8-476B-AFEE-6C113A9D5650}.Debug|ARM.Build.0 = Debug|Any CPU
		{3BC9C9C3-3EE8-476B-AFEE-6C113A9D5650}.Debug|iPhone.ActiveCfg = Debug|Any CPU
		{3BC9C9C3-3EE8-476B-AFEE-6C113A9D5650}.Debug|iPhone.Build.0 = Debug|Any CPU
		{3BC9C9C3-3EE8-476B-AFEE-6C113A9D5650}.Debug|iPhoneSimulator.ActiveCfg = Debug|Any CPU
		{3BC9C9C3-3EE8-476B-AFEE-6C113A9D5650}.Debug|iPhoneSimulator.Build.0 = Debug|Any CPU
		{3BC9C9C3-3EE8-476B-AFEE-6C113A9D5650}.Debug|x64.ActiveCfg = Debug|Any CPU
		{3BC9C9C3-3EE8-476B-AFEE-6C113A9D5650}.Debug|x64.Build.0 = Debug|Any CPU
		{3BC9C9C3-3EE8-476B-AFEE-6C113A9D5650}.Debug|x86.ActiveCfg = Debug|Any CPU
		{3BC9C9C3-3EE8-476B-AFEE-6C113A9D5650}.Debug|x86.Build.0 = Debug|Any CPU
		{3BC9C9C3-3EE8-476B-AFEE-6C113A9D5650}.Release|Any CPU.ActiveCfg = Release|Any CPU
		{3BC9C9C3-3EE8-476B-AFEE-6C113A9D5650}.Release|Any CPU.Build.0 = Release|Any CPU
		{3BC9C9C3-3EE8-476B-AFEE-6C113A9D5650}.Release|ARM.ActiveCfg = Release|Any CPU
		{3BC9C9C3-3EE8-476B-AFEE-6C113A9D5650}.Release|ARM.Build.0 = Release|Any CPU
		{3BC9C9C3-3EE8-476B-AFEE-6C113A9D5650}.Release|iPhone.ActiveCfg = Release|Any CPU
		{3BC9C9C3-3EE8-476B-AFEE-6C113A9D5650}.Release|iPhone.Build.0 = Release|Any CPU
		{3BC9C9C3-3EE8-476B-AFEE-6C113A9D5650}.Release|iPhoneSimulator.ActiveCfg = Release|Any CPU
		{3BC9C9C3-3EE8-476B-AFEE-6C113A9D5650}.Release|iPhoneSimulator.Build.0 = Release|Any CPU
		{3BC9C9C3-3EE8-476B-AFEE-6C113A9D5650}.Release|x64.ActiveCfg = Release|Any CPU
		{3BC9C9C3-3EE8-476B-AFEE-6C113A9D5650}.Release|x64.Build.0 = Release|Any CPU
		{3BC9C9C3-3EE8-476B-AFEE-6C113A9D5650}.Release|x86.ActiveCfg = Release|Any CPU
		{3BC9C9C3-3EE8-476B-AFEE-6C113A9D5650}.Release|x86.Build.0 = Release|Any CPU
		{E41AAC81-C245-4A3B-8AFA-33120C36B53A}.Ad-Hoc|Any CPU.ActiveCfg = Release|Any CPU
		{E41AAC81-C245-4A3B-8AFA-33120C36B53A}.Ad-Hoc|Any CPU.Build.0 = Release|Any CPU
		{E41AAC81-C245-4A3B-8AFA-33120C36B53A}.Ad-Hoc|ARM.ActiveCfg = Release|Any CPU
		{E41AAC81-C245-4A3B-8AFA-33120C36B53A}.Ad-Hoc|ARM.Build.0 = Release|Any CPU
		{E41AAC81-C245-4A3B-8AFA-33120C36B53A}.Ad-Hoc|iPhone.ActiveCfg = Release|Any CPU
		{E41AAC81-C245-4A3B-8AFA-33120C36B53A}.Ad-Hoc|iPhone.Build.0 = Release|Any CPU
		{E41AAC81-C245-4A3B-8AFA-33120C36B53A}.Ad-Hoc|iPhoneSimulator.ActiveCfg = Release|Any CPU
		{E41AAC81-C245-4A3B-8AFA-33120C36B53A}.Ad-Hoc|iPhoneSimulator.Build.0 = Release|Any CPU
		{E41AAC81-C245-4A3B-8AFA-33120C36B53A}.Ad-Hoc|x64.ActiveCfg = Release|Any CPU
		{E41AAC81-C245-4A3B-8AFA-33120C36B53A}.Ad-Hoc|x64.Build.0 = Release|Any CPU
		{E41AAC81-C245-4A3B-8AFA-33120C36B53A}.Ad-Hoc|x86.ActiveCfg = Release|Any CPU
		{E41AAC81-C245-4A3B-8AFA-33120C36B53A}.Ad-Hoc|x86.Build.0 = Release|Any CPU
		{E41AAC81-C245-4A3B-8AFA-33120C36B53A}.AppStore|Any CPU.ActiveCfg = Release|Any CPU
		{E41AAC81-C245-4A3B-8AFA-33120C36B53A}.AppStore|Any CPU.Build.0 = Release|Any CPU
		{E41AAC81-C245-4A3B-8AFA-33120C36B53A}.AppStore|ARM.ActiveCfg = Release|Any CPU
		{E41AAC81-C245-4A3B-8AFA-33120C36B53A}.AppStore|ARM.Build.0 = Release|Any CPU
		{E41AAC81-C245-4A3B-8AFA-33120C36B53A}.AppStore|iPhone.ActiveCfg = Release|Any CPU
		{E41AAC81-C245-4A3B-8AFA-33120C36B53A}.AppStore|iPhone.Build.0 = Release|Any CPU
		{E41AAC81-C245-4A3B-8AFA-33120C36B53A}.AppStore|iPhoneSimulator.ActiveCfg = Release|Any CPU
		{E41AAC81-C245-4A3B-8AFA-33120C36B53A}.AppStore|iPhoneSimulator.Build.0 = Release|Any CPU
		{E41AAC81-C245-4A3B-8AFA-33120C36B53A}.AppStore|x64.ActiveCfg = Release|Any CPU
		{E41AAC81-C245-4A3B-8AFA-33120C36B53A}.AppStore|x64.Build.0 = Release|Any CPU
		{E41AAC81-C245-4A3B-8AFA-33120C36B53A}.AppStore|x86.ActiveCfg = Release|Any CPU
		{E41AAC81-C245-4A3B-8AFA-33120C36B53A}.AppStore|x86.Build.0 = Release|Any CPU
		{E41AAC81-C245-4A3B-8AFA-33120C36B53A}.Debug|Any CPU.ActiveCfg = Debug|Any CPU
		{E41AAC81-C245-4A3B-8AFA-33120C36B53A}.Debug|Any CPU.Build.0 = Debug|Any CPU
		{E41AAC81-C245-4A3B-8AFA-33120C36B53A}.Debug|ARM.ActiveCfg = Debug|Any CPU
		{E41AAC81-C245-4A3B-8AFA-33120C36B53A}.Debug|ARM.Build.0 = Debug|Any CPU
		{E41AAC81-C245-4A3B-8AFA-33120C36B53A}.Debug|iPhone.ActiveCfg = Debug|Any CPU
		{E41AAC81-C245-4A3B-8AFA-33120C36B53A}.Debug|iPhone.Build.0 = Debug|Any CPU
		{E41AAC81-C245-4A3B-8AFA-33120C36B53A}.Debug|iPhoneSimulator.ActiveCfg = Debug|Any CPU
		{E41AAC81-C245-4A3B-8AFA-33120C36B53A}.Debug|iPhoneSimulator.Build.0 = Debug|Any CPU
		{E41AAC81-C245-4A3B-8AFA-33120C36B53A}.Debug|x64.ActiveCfg = Debug|Any CPU
		{E41AAC81-C245-4A3B-8AFA-33120C36B53A}.Debug|x64.Build.0 = Debug|Any CPU
		{E41AAC81-C245-4A3B-8AFA-33120C36B53A}.Debug|x86.ActiveCfg = Debug|Any CPU
		{E41AAC81-C245-4A3B-8AFA-33120C36B53A}.Debug|x86.Build.0 = Debug|Any CPU
		{E41AAC81-C245-4A3B-8AFA-33120C36B53A}.Release|Any CPU.ActiveCfg = Release|Any CPU
		{E41AAC81-C245-4A3B-8AFA-33120C36B53A}.Release|Any CPU.Build.0 = Release|Any CPU
		{E41AAC81-C245-4A3B-8AFA-33120C36B53A}.Release|ARM.ActiveCfg = Release|Any CPU
		{E41AAC81-C245-4A3B-8AFA-33120C36B53A}.Release|ARM.Build.0 = Release|Any CPU
		{E41AAC81-C245-4A3B-8AFA-33120C36B53A}.Release|iPhone.ActiveCfg = Release|Any CPU
		{E41AAC81-C245-4A3B-8AFA-33120C36B53A}.Release|iPhone.Build.0 = Release|Any CPU
		{E41AAC81-C245-4A3B-8AFA-33120C36B53A}.Release|iPhoneSimulator.ActiveCfg = Release|Any CPU
		{E41AAC81-C245-4A3B-8AFA-33120C36B53A}.Release|iPhoneSimulator.Build.0 = Release|Any CPU
		{E41AAC81-C245-4A3B-8AFA-33120C36B53A}.Release|x64.ActiveCfg = Release|Any CPU
		{E41AAC81-C245-4A3B-8AFA-33120C36B53A}.Release|x64.Build.0 = Release|Any CPU
		{E41AAC81-C245-4A3B-8AFA-33120C36B53A}.Release|x86.ActiveCfg = Release|Any CPU
		{E41AAC81-C245-4A3B-8AFA-33120C36B53A}.Release|x86.Build.0 = Release|Any CPU
		{C53AC813-8AE9-4C89-A48D-B73907D20239}.Ad-Hoc|Any CPU.ActiveCfg = Debug|Any CPU
		{C53AC813-8AE9-4C89-A48D-B73907D20239}.Ad-Hoc|Any CPU.Build.0 = Debug|Any CPU
		{C53AC813-8AE9-4C89-A48D-B73907D20239}.Ad-Hoc|ARM.ActiveCfg = Debug|Any CPU
		{C53AC813-8AE9-4C89-A48D-B73907D20239}.Ad-Hoc|ARM.Build.0 = Debug|Any CPU
		{C53AC813-8AE9-4C89-A48D-B73907D20239}.Ad-Hoc|iPhone.ActiveCfg = Debug|Any CPU
		{C53AC813-8AE9-4C89-A48D-B73907D20239}.Ad-Hoc|iPhone.Build.0 = Debug|Any CPU
		{C53AC813-8AE9-4C89-A48D-B73907D20239}.Ad-Hoc|iPhoneSimulator.ActiveCfg = Debug|Any CPU
		{C53AC813-8AE9-4C89-A48D-B73907D20239}.Ad-Hoc|iPhoneSimulator.Build.0 = Debug|Any CPU
		{C53AC813-8AE9-4C89-A48D-B73907D20239}.Ad-Hoc|x64.ActiveCfg = Debug|Any CPU
		{C53AC813-8AE9-4C89-A48D-B73907D20239}.Ad-Hoc|x64.Build.0 = Debug|Any CPU
		{C53AC813-8AE9-4C89-A48D-B73907D20239}.Ad-Hoc|x86.ActiveCfg = Debug|Any CPU
		{C53AC813-8AE9-4C89-A48D-B73907D20239}.Ad-Hoc|x86.Build.0 = Debug|Any CPU
		{C53AC813-8AE9-4C89-A48D-B73907D20239}.AppStore|Any CPU.ActiveCfg = Debug|Any CPU
		{C53AC813-8AE9-4C89-A48D-B73907D20239}.AppStore|Any CPU.Build.0 = Debug|Any CPU
		{C53AC813-8AE9-4C89-A48D-B73907D20239}.AppStore|ARM.ActiveCfg = Debug|Any CPU
		{C53AC813-8AE9-4C89-A48D-B73907D20239}.AppStore|ARM.Build.0 = Debug|Any CPU
		{C53AC813-8AE9-4C89-A48D-B73907D20239}.AppStore|iPhone.ActiveCfg = Debug|Any CPU
		{C53AC813-8AE9-4C89-A48D-B73907D20239}.AppStore|iPhone.Build.0 = Debug|Any CPU
		{C53AC813-8AE9-4C89-A48D-B73907D20239}.AppStore|iPhoneSimulator.ActiveCfg = Debug|Any CPU
		{C53AC813-8AE9-4C89-A48D-B73907D20239}.AppStore|iPhoneSimulator.Build.0 = Debug|Any CPU
		{C53AC813-8AE9-4C89-A48D-B73907D20239}.AppStore|x64.ActiveCfg = Debug|Any CPU
		{C53AC813-8AE9-4C89-A48D-B73907D20239}.AppStore|x64.Build.0 = Debug|Any CPU
		{C53AC813-8AE9-4C89-A48D-B73907D20239}.AppStore|x86.ActiveCfg = Debug|Any CPU
		{C53AC813-8AE9-4C89-A48D-B73907D20239}.AppStore|x86.Build.0 = Debug|Any CPU
		{C53AC813-8AE9-4C89-A48D-B73907D20239}.Debug|Any CPU.ActiveCfg = Debug|Any CPU
		{C53AC813-8AE9-4C89-A48D-B73907D20239}.Debug|Any CPU.Build.0 = Debug|Any CPU
		{C53AC813-8AE9-4C89-A48D-B73907D20239}.Debug|ARM.ActiveCfg = Debug|Any CPU
		{C53AC813-8AE9-4C89-A48D-B73907D20239}.Debug|ARM.Build.0 = Debug|Any CPU
		{C53AC813-8AE9-4C89-A48D-B73907D20239}.Debug|iPhone.ActiveCfg = Debug|Any CPU
		{C53AC813-8AE9-4C89-A48D-B73907D20239}.Debug|iPhone.Build.0 = Debug|Any CPU
		{C53AC813-8AE9-4C89-A48D-B73907D20239}.Debug|iPhoneSimulator.ActiveCfg = Debug|Any CPU
		{C53AC813-8AE9-4C89-A48D-B73907D20239}.Debug|iPhoneSimulator.Build.0 = Debug|Any CPU
		{C53AC813-8AE9-4C89-A48D-B73907D20239}.Debug|x64.ActiveCfg = Debug|Any CPU
		{C53AC813-8AE9-4C89-A48D-B73907D20239}.Debug|x64.Build.0 = Debug|Any CPU
		{C53AC813-8AE9-4C89-A48D-B73907D20239}.Debug|x86.ActiveCfg = Debug|Any CPU
		{C53AC813-8AE9-4C89-A48D-B73907D20239}.Debug|x86.Build.0 = Debug|Any CPU
		{C53AC813-8AE9-4C89-A48D-B73907D20239}.Release|Any CPU.ActiveCfg = Release|Any CPU
		{C53AC813-8AE9-4C89-A48D-B73907D20239}.Release|Any CPU.Build.0 = Release|Any CPU
		{C53AC813-8AE9-4C89-A48D-B73907D20239}.Release|ARM.ActiveCfg = Release|Any CPU
		{C53AC813-8AE9-4C89-A48D-B73907D20239}.Release|ARM.Build.0 = Release|Any CPU
		{C53AC813-8AE9-4C89-A48D-B73907D20239}.Release|iPhone.ActiveCfg = Release|Any CPU
		{C53AC813-8AE9-4C89-A48D-B73907D20239}.Release|iPhone.Build.0 = Release|Any CPU
		{C53AC813-8AE9-4C89-A48D-B73907D20239}.Release|iPhoneSimulator.ActiveCfg = Release|Any CPU
		{C53AC813-8AE9-4C89-A48D-B73907D20239}.Release|iPhoneSimulator.Build.0 = Release|Any CPU
		{C53AC813-8AE9-4C89-A48D-B73907D20239}.Release|x64.ActiveCfg = Release|Any CPU
		{C53AC813-8AE9-4C89-A48D-B73907D20239}.Release|x64.Build.0 = Release|Any CPU
		{C53AC813-8AE9-4C89-A48D-B73907D20239}.Release|x86.ActiveCfg = Release|Any CPU
		{C53AC813-8AE9-4C89-A48D-B73907D20239}.Release|x86.Build.0 = Release|Any CPU
		{011B19F9-412F-405A-9FC8-4EACA634039A}.Ad-Hoc|Any CPU.ActiveCfg = Debug|Any CPU
		{011B19F9-412F-405A-9FC8-4EACA634039A}.Ad-Hoc|Any CPU.Build.0 = Debug|Any CPU
		{011B19F9-412F-405A-9FC8-4EACA634039A}.Ad-Hoc|Any CPU.Deploy.0 = Debug|Any CPU
		{011B19F9-412F-405A-9FC8-4EACA634039A}.Ad-Hoc|ARM.ActiveCfg = Debug|Any CPU
		{011B19F9-412F-405A-9FC8-4EACA634039A}.Ad-Hoc|ARM.Build.0 = Debug|Any CPU
		{011B19F9-412F-405A-9FC8-4EACA634039A}.Ad-Hoc|ARM.Deploy.0 = Debug|Any CPU
		{011B19F9-412F-405A-9FC8-4EACA634039A}.Ad-Hoc|iPhone.ActiveCfg = Debug|Any CPU
		{011B19F9-412F-405A-9FC8-4EACA634039A}.Ad-Hoc|iPhone.Build.0 = Debug|Any CPU
		{011B19F9-412F-405A-9FC8-4EACA634039A}.Ad-Hoc|iPhone.Deploy.0 = Debug|Any CPU
		{011B19F9-412F-405A-9FC8-4EACA634039A}.Ad-Hoc|iPhoneSimulator.ActiveCfg = Debug|Any CPU
		{011B19F9-412F-405A-9FC8-4EACA634039A}.Ad-Hoc|iPhoneSimulator.Build.0 = Debug|Any CPU
		{011B19F9-412F-405A-9FC8-4EACA634039A}.Ad-Hoc|iPhoneSimulator.Deploy.0 = Debug|Any CPU
		{011B19F9-412F-405A-9FC8-4EACA634039A}.Ad-Hoc|x64.ActiveCfg = Debug|Any CPU
		{011B19F9-412F-405A-9FC8-4EACA634039A}.Ad-Hoc|x64.Build.0 = Debug|Any CPU
		{011B19F9-412F-405A-9FC8-4EACA634039A}.Ad-Hoc|x64.Deploy.0 = Debug|Any CPU
		{011B19F9-412F-405A-9FC8-4EACA634039A}.Ad-Hoc|x86.ActiveCfg = Debug|Any CPU
		{011B19F9-412F-405A-9FC8-4EACA634039A}.Ad-Hoc|x86.Build.0 = Debug|Any CPU
		{011B19F9-412F-405A-9FC8-4EACA634039A}.Ad-Hoc|x86.Deploy.0 = Debug|Any CPU
		{011B19F9-412F-405A-9FC8-4EACA634039A}.AppStore|Any CPU.ActiveCfg = Debug|Any CPU
		{011B19F9-412F-405A-9FC8-4EACA634039A}.AppStore|Any CPU.Build.0 = Debug|Any CPU
		{011B19F9-412F-405A-9FC8-4EACA634039A}.AppStore|Any CPU.Deploy.0 = Debug|Any CPU
		{011B19F9-412F-405A-9FC8-4EACA634039A}.AppStore|ARM.ActiveCfg = Debug|Any CPU
		{011B19F9-412F-405A-9FC8-4EACA634039A}.AppStore|ARM.Build.0 = Debug|Any CPU
		{011B19F9-412F-405A-9FC8-4EACA634039A}.AppStore|ARM.Deploy.0 = Debug|Any CPU
		{011B19F9-412F-405A-9FC8-4EACA634039A}.AppStore|iPhone.ActiveCfg = Debug|Any CPU
		{011B19F9-412F-405A-9FC8-4EACA634039A}.AppStore|iPhone.Build.0 = Debug|Any CPU
		{011B19F9-412F-405A-9FC8-4EACA634039A}.AppStore|iPhone.Deploy.0 = Debug|Any CPU
		{011B19F9-412F-405A-9FC8-4EACA634039A}.AppStore|iPhoneSimulator.ActiveCfg = Debug|Any CPU
		{011B19F9-412F-405A-9FC8-4EACA634039A}.AppStore|iPhoneSimulator.Build.0 = Debug|Any CPU
		{011B19F9-412F-405A-9FC8-4EACA634039A}.AppStore|iPhoneSimulator.Deploy.0 = Debug|Any CPU
		{011B19F9-412F-405A-9FC8-4EACA634039A}.AppStore|x64.ActiveCfg = Debug|Any CPU
		{011B19F9-412F-405A-9FC8-4EACA634039A}.AppStore|x64.Build.0 = Debug|Any CPU
		{011B19F9-412F-405A-9FC8-4EACA634039A}.AppStore|x64.Deploy.0 = Debug|Any CPU
		{011B19F9-412F-405A-9FC8-4EACA634039A}.AppStore|x86.ActiveCfg = Debug|Any CPU
		{011B19F9-412F-405A-9FC8-4EACA634039A}.AppStore|x86.Build.0 = Debug|Any CPU
		{011B19F9-412F-405A-9FC8-4EACA634039A}.AppStore|x86.Deploy.0 = Debug|Any CPU
		{011B19F9-412F-405A-9FC8-4EACA634039A}.Debug|Any CPU.ActiveCfg = Debug|Any CPU
		{011B19F9-412F-405A-9FC8-4EACA634039A}.Debug|Any CPU.Build.0 = Debug|Any CPU
		{011B19F9-412F-405A-9FC8-4EACA634039A}.Debug|Any CPU.Deploy.0 = Debug|Any CPU
		{011B19F9-412F-405A-9FC8-4EACA634039A}.Debug|ARM.ActiveCfg = Debug|Any CPU
		{011B19F9-412F-405A-9FC8-4EACA634039A}.Debug|ARM.Build.0 = Debug|Any CPU
		{011B19F9-412F-405A-9FC8-4EACA634039A}.Debug|ARM.Deploy.0 = Debug|Any CPU
		{011B19F9-412F-405A-9FC8-4EACA634039A}.Debug|iPhone.ActiveCfg = Debug|Any CPU
		{011B19F9-412F-405A-9FC8-4EACA634039A}.Debug|iPhone.Build.0 = Debug|Any CPU
		{011B19F9-412F-405A-9FC8-4EACA634039A}.Debug|iPhone.Deploy.0 = Debug|Any CPU
		{011B19F9-412F-405A-9FC8-4EACA634039A}.Debug|iPhoneSimulator.ActiveCfg = Debug|Any CPU
		{011B19F9-412F-405A-9FC8-4EACA634039A}.Debug|iPhoneSimulator.Build.0 = Debug|Any CPU
		{011B19F9-412F-405A-9FC8-4EACA634039A}.Debug|iPhoneSimulator.Deploy.0 = Debug|Any CPU
		{011B19F9-412F-405A-9FC8-4EACA634039A}.Debug|x64.ActiveCfg = Debug|Any CPU
		{011B19F9-412F-405A-9FC8-4EACA634039A}.Debug|x64.Build.0 = Debug|Any CPU
		{011B19F9-412F-405A-9FC8-4EACA634039A}.Debug|x64.Deploy.0 = Debug|Any CPU
		{011B19F9-412F-405A-9FC8-4EACA634039A}.Debug|x86.ActiveCfg = Debug|Any CPU
		{011B19F9-412F-405A-9FC8-4EACA634039A}.Debug|x86.Build.0 = Debug|Any CPU
		{011B19F9-412F-405A-9FC8-4EACA634039A}.Debug|x86.Deploy.0 = Debug|Any CPU
		{011B19F9-412F-405A-9FC8-4EACA634039A}.Release|Any CPU.ActiveCfg = Release|Any CPU
		{011B19F9-412F-405A-9FC8-4EACA634039A}.Release|Any CPU.Build.0 = Release|Any CPU
		{011B19F9-412F-405A-9FC8-4EACA634039A}.Release|Any CPU.Deploy.0 = Release|Any CPU
		{011B19F9-412F-405A-9FC8-4EACA634039A}.Release|ARM.ActiveCfg = Release|Any CPU
		{011B19F9-412F-405A-9FC8-4EACA634039A}.Release|ARM.Build.0 = Release|Any CPU
		{011B19F9-412F-405A-9FC8-4EACA634039A}.Release|ARM.Deploy.0 = Release|Any CPU
		{011B19F9-412F-405A-9FC8-4EACA634039A}.Release|iPhone.ActiveCfg = Release|Any CPU
		{011B19F9-412F-405A-9FC8-4EACA634039A}.Release|iPhone.Build.0 = Release|Any CPU
		{011B19F9-412F-405A-9FC8-4EACA634039A}.Release|iPhone.Deploy.0 = Release|Any CPU
		{011B19F9-412F-405A-9FC8-4EACA634039A}.Release|iPhoneSimulator.ActiveCfg = Release|Any CPU
		{011B19F9-412F-405A-9FC8-4EACA634039A}.Release|iPhoneSimulator.Build.0 = Release|Any CPU
		{011B19F9-412F-405A-9FC8-4EACA634039A}.Release|iPhoneSimulator.Deploy.0 = Release|Any CPU
		{011B19F9-412F-405A-9FC8-4EACA634039A}.Release|x64.ActiveCfg = Release|Any CPU
		{011B19F9-412F-405A-9FC8-4EACA634039A}.Release|x64.Build.0 = Release|Any CPU
		{011B19F9-412F-405A-9FC8-4EACA634039A}.Release|x64.Deploy.0 = Release|Any CPU
		{011B19F9-412F-405A-9FC8-4EACA634039A}.Release|x86.ActiveCfg = Release|Any CPU
		{011B19F9-412F-405A-9FC8-4EACA634039A}.Release|x86.Build.0 = Release|Any CPU
		{011B19F9-412F-405A-9FC8-4EACA634039A}.Release|x86.Deploy.0 = Release|Any CPU
		{1BD0508B-1950-49DC-97BA-F9D36FA61EEC}.Ad-Hoc|Any CPU.ActiveCfg = Debug|Any CPU
		{1BD0508B-1950-49DC-97BA-F9D36FA61EEC}.Ad-Hoc|Any CPU.Build.0 = Debug|Any CPU
		{1BD0508B-1950-49DC-97BA-F9D36FA61EEC}.Ad-Hoc|ARM.ActiveCfg = Debug|Any CPU
		{1BD0508B-1950-49DC-97BA-F9D36FA61EEC}.Ad-Hoc|ARM.Build.0 = Debug|Any CPU
		{1BD0508B-1950-49DC-97BA-F9D36FA61EEC}.Ad-Hoc|iPhone.ActiveCfg = Debug|Any CPU
		{1BD0508B-1950-49DC-97BA-F9D36FA61EEC}.Ad-Hoc|iPhone.Build.0 = Debug|Any CPU
		{1BD0508B-1950-49DC-97BA-F9D36FA61EEC}.Ad-Hoc|iPhoneSimulator.ActiveCfg = Debug|Any CPU
		{1BD0508B-1950-49DC-97BA-F9D36FA61EEC}.Ad-Hoc|iPhoneSimulator.Build.0 = Debug|Any CPU
		{1BD0508B-1950-49DC-97BA-F9D36FA61EEC}.Ad-Hoc|x64.ActiveCfg = Debug|Any CPU
		{1BD0508B-1950-49DC-97BA-F9D36FA61EEC}.Ad-Hoc|x64.Build.0 = Debug|Any CPU
		{1BD0508B-1950-49DC-97BA-F9D36FA61EEC}.Ad-Hoc|x86.ActiveCfg = Debug|Any CPU
		{1BD0508B-1950-49DC-97BA-F9D36FA61EEC}.Ad-Hoc|x86.Build.0 = Debug|Any CPU
		{1BD0508B-1950-49DC-97BA-F9D36FA61EEC}.AppStore|Any CPU.ActiveCfg = Debug|Any CPU
		{1BD0508B-1950-49DC-97BA-F9D36FA61EEC}.AppStore|Any CPU.Build.0 = Debug|Any CPU
		{1BD0508B-1950-49DC-97BA-F9D36FA61EEC}.AppStore|ARM.ActiveCfg = Debug|Any CPU
		{1BD0508B-1950-49DC-97BA-F9D36FA61EEC}.AppStore|ARM.Build.0 = Debug|Any CPU
		{1BD0508B-1950-49DC-97BA-F9D36FA61EEC}.AppStore|iPhone.ActiveCfg = Debug|Any CPU
		{1BD0508B-1950-49DC-97BA-F9D36FA61EEC}.AppStore|iPhone.Build.0 = Debug|Any CPU
		{1BD0508B-1950-49DC-97BA-F9D36FA61EEC}.AppStore|iPhoneSimulator.ActiveCfg = Debug|Any CPU
		{1BD0508B-1950-49DC-97BA-F9D36FA61EEC}.AppStore|iPhoneSimulator.Build.0 = Debug|Any CPU
		{1BD0508B-1950-49DC-97BA-F9D36FA61EEC}.AppStore|x64.ActiveCfg = Debug|Any CPU
		{1BD0508B-1950-49DC-97BA-F9D36FA61EEC}.AppStore|x64.Build.0 = Debug|Any CPU
		{1BD0508B-1950-49DC-97BA-F9D36FA61EEC}.AppStore|x86.ActiveCfg = Debug|Any CPU
		{1BD0508B-1950-49DC-97BA-F9D36FA61EEC}.AppStore|x86.Build.0 = Debug|Any CPU
		{1BD0508B-1950-49DC-97BA-F9D36FA61EEC}.Debug|Any CPU.ActiveCfg = Debug|Any CPU
		{1BD0508B-1950-49DC-97BA-F9D36FA61EEC}.Debug|Any CPU.Build.0 = Debug|Any CPU
		{1BD0508B-1950-49DC-97BA-F9D36FA61EEC}.Debug|ARM.ActiveCfg = Debug|Any CPU
		{1BD0508B-1950-49DC-97BA-F9D36FA61EEC}.Debug|ARM.Build.0 = Debug|Any CPU
		{1BD0508B-1950-49DC-97BA-F9D36FA61EEC}.Debug|iPhone.ActiveCfg = Debug|Any CPU
		{1BD0508B-1950-49DC-97BA-F9D36FA61EEC}.Debug|iPhone.Build.0 = Debug|Any CPU
		{1BD0508B-1950-49DC-97BA-F9D36FA61EEC}.Debug|iPhoneSimulator.ActiveCfg = Debug|Any CPU
		{1BD0508B-1950-49DC-97BA-F9D36FA61EEC}.Debug|iPhoneSimulator.Build.0 = Debug|Any CPU
		{1BD0508B-1950-49DC-97BA-F9D36FA61EEC}.Debug|x64.ActiveCfg = Debug|Any CPU
		{1BD0508B-1950-49DC-97BA-F9D36FA61EEC}.Debug|x64.Build.0 = Debug|Any CPU
		{1BD0508B-1950-49DC-97BA-F9D36FA61EEC}.Debug|x86.ActiveCfg = Debug|Any CPU
		{1BD0508B-1950-49DC-97BA-F9D36FA61EEC}.Debug|x86.Build.0 = Debug|Any CPU
		{1BD0508B-1950-49DC-97BA-F9D36FA61EEC}.Release|Any CPU.ActiveCfg = Release|Any CPU
		{1BD0508B-1950-49DC-97BA-F9D36FA61EEC}.Release|Any CPU.Build.0 = Release|Any CPU
		{1BD0508B-1950-49DC-97BA-F9D36FA61EEC}.Release|ARM.ActiveCfg = Release|Any CPU
		{1BD0508B-1950-49DC-97BA-F9D36FA61EEC}.Release|ARM.Build.0 = Release|Any CPU
		{1BD0508B-1950-49DC-97BA-F9D36FA61EEC}.Release|iPhone.ActiveCfg = Release|Any CPU
		{1BD0508B-1950-49DC-97BA-F9D36FA61EEC}.Release|iPhone.Build.0 = Release|Any CPU
		{1BD0508B-1950-49DC-97BA-F9D36FA61EEC}.Release|iPhoneSimulator.ActiveCfg = Release|Any CPU
		{1BD0508B-1950-49DC-97BA-F9D36FA61EEC}.Release|iPhoneSimulator.Build.0 = Release|Any CPU
		{1BD0508B-1950-49DC-97BA-F9D36FA61EEC}.Release|x64.ActiveCfg = Release|Any CPU
		{1BD0508B-1950-49DC-97BA-F9D36FA61EEC}.Release|x64.Build.0 = Release|Any CPU
		{1BD0508B-1950-49DC-97BA-F9D36FA61EEC}.Release|x86.ActiveCfg = Release|Any CPU
		{1BD0508B-1950-49DC-97BA-F9D36FA61EEC}.Release|x86.Build.0 = Release|Any CPU
		{6FF93302-5835-4A33-A53C-61B45ABC6F62}.Ad-Hoc|Any CPU.ActiveCfg = Debug|Any CPU
		{6FF93302-5835-4A33-A53C-61B45ABC6F62}.Ad-Hoc|Any CPU.Build.0 = Debug|Any CPU
		{6FF93302-5835-4A33-A53C-61B45ABC6F62}.Ad-Hoc|ARM.ActiveCfg = Debug|Any CPU
		{6FF93302-5835-4A33-A53C-61B45ABC6F62}.Ad-Hoc|ARM.Build.0 = Debug|Any CPU
		{6FF93302-5835-4A33-A53C-61B45ABC6F62}.Ad-Hoc|iPhone.ActiveCfg = Debug|Any CPU
		{6FF93302-5835-4A33-A53C-61B45ABC6F62}.Ad-Hoc|iPhone.Build.0 = Debug|Any CPU
		{6FF93302-5835-4A33-A53C-61B45ABC6F62}.Ad-Hoc|iPhoneSimulator.ActiveCfg = Debug|Any CPU
		{6FF93302-5835-4A33-A53C-61B45ABC6F62}.Ad-Hoc|iPhoneSimulator.Build.0 = Debug|Any CPU
		{6FF93302-5835-4A33-A53C-61B45ABC6F62}.Ad-Hoc|x64.ActiveCfg = Debug|Any CPU
		{6FF93302-5835-4A33-A53C-61B45ABC6F62}.Ad-Hoc|x64.Build.0 = Debug|Any CPU
		{6FF93302-5835-4A33-A53C-61B45ABC6F62}.Ad-Hoc|x86.ActiveCfg = Debug|Any CPU
		{6FF93302-5835-4A33-A53C-61B45ABC6F62}.Ad-Hoc|x86.Build.0 = Debug|Any CPU
		{6FF93302-5835-4A33-A53C-61B45ABC6F62}.AppStore|Any CPU.ActiveCfg = Debug|Any CPU
		{6FF93302-5835-4A33-A53C-61B45ABC6F62}.AppStore|Any CPU.Build.0 = Debug|Any CPU
		{6FF93302-5835-4A33-A53C-61B45ABC6F62}.AppStore|ARM.ActiveCfg = Debug|Any CPU
		{6FF93302-5835-4A33-A53C-61B45ABC6F62}.AppStore|ARM.Build.0 = Debug|Any CPU
		{6FF93302-5835-4A33-A53C-61B45ABC6F62}.AppStore|iPhone.ActiveCfg = Debug|Any CPU
		{6FF93302-5835-4A33-A53C-61B45ABC6F62}.AppStore|iPhone.Build.0 = Debug|Any CPU
		{6FF93302-5835-4A33-A53C-61B45ABC6F62}.AppStore|iPhoneSimulator.ActiveCfg = Debug|Any CPU
		{6FF93302-5835-4A33-A53C-61B45ABC6F62}.AppStore|iPhoneSimulator.Build.0 = Debug|Any CPU
		{6FF93302-5835-4A33-A53C-61B45ABC6F62}.AppStore|x64.ActiveCfg = Debug|Any CPU
		{6FF93302-5835-4A33-A53C-61B45ABC6F62}.AppStore|x64.Build.0 = Debug|Any CPU
		{6FF93302-5835-4A33-A53C-61B45ABC6F62}.AppStore|x86.ActiveCfg = Debug|Any CPU
		{6FF93302-5835-4A33-A53C-61B45ABC6F62}.AppStore|x86.Build.0 = Debug|Any CPU
		{6FF93302-5835-4A33-A53C-61B45ABC6F62}.Debug|Any CPU.ActiveCfg = Debug|Any CPU
		{6FF93302-5835-4A33-A53C-61B45ABC6F62}.Debug|Any CPU.Build.0 = Debug|Any CPU
		{6FF93302-5835-4A33-A53C-61B45ABC6F62}.Debug|ARM.ActiveCfg = Debug|Any CPU
		{6FF93302-5835-4A33-A53C-61B45ABC6F62}.Debug|ARM.Build.0 = Debug|Any CPU
		{6FF93302-5835-4A33-A53C-61B45ABC6F62}.Debug|iPhone.ActiveCfg = Debug|Any CPU
		{6FF93302-5835-4A33-A53C-61B45ABC6F62}.Debug|iPhone.Build.0 = Debug|Any CPU
		{6FF93302-5835-4A33-A53C-61B45ABC6F62}.Debug|iPhoneSimulator.ActiveCfg = Debug|Any CPU
		{6FF93302-5835-4A33-A53C-61B45ABC6F62}.Debug|iPhoneSimulator.Build.0 = Debug|Any CPU
		{6FF93302-5835-4A33-A53C-61B45ABC6F62}.Debug|x64.ActiveCfg = Debug|Any CPU
		{6FF93302-5835-4A33-A53C-61B45ABC6F62}.Debug|x64.Build.0 = Debug|Any CPU
		{6FF93302-5835-4A33-A53C-61B45ABC6F62}.Debug|x86.ActiveCfg = Debug|Any CPU
		{6FF93302-5835-4A33-A53C-61B45ABC6F62}.Debug|x86.Build.0 = Debug|Any CPU
		{6FF93302-5835-4A33-A53C-61B45ABC6F62}.Release|Any CPU.ActiveCfg = Release|Any CPU
		{6FF93302-5835-4A33-A53C-61B45ABC6F62}.Release|Any CPU.Build.0 = Release|Any CPU
		{6FF93302-5835-4A33-A53C-61B45ABC6F62}.Release|ARM.ActiveCfg = Release|Any CPU
		{6FF93302-5835-4A33-A53C-61B45ABC6F62}.Release|ARM.Build.0 = Release|Any CPU
		{6FF93302-5835-4A33-A53C-61B45ABC6F62}.Release|iPhone.ActiveCfg = Release|Any CPU
		{6FF93302-5835-4A33-A53C-61B45ABC6F62}.Release|iPhone.Build.0 = Release|Any CPU
		{6FF93302-5835-4A33-A53C-61B45ABC6F62}.Release|iPhoneSimulator.ActiveCfg = Release|Any CPU
		{6FF93302-5835-4A33-A53C-61B45ABC6F62}.Release|iPhoneSimulator.Build.0 = Release|Any CPU
		{6FF93302-5835-4A33-A53C-61B45ABC6F62}.Release|x64.ActiveCfg = Release|Any CPU
		{6FF93302-5835-4A33-A53C-61B45ABC6F62}.Release|x64.Build.0 = Release|Any CPU
		{6FF93302-5835-4A33-A53C-61B45ABC6F62}.Release|x86.ActiveCfg = Release|Any CPU
		{6FF93302-5835-4A33-A53C-61B45ABC6F62}.Release|x86.Build.0 = Release|Any CPU
		{5C7C9C00-0178-4B25-AEC0-7003435963AC}.Ad-Hoc|Any CPU.ActiveCfg = Debug|Any CPU
		{5C7C9C00-0178-4B25-AEC0-7003435963AC}.Ad-Hoc|Any CPU.Build.0 = Debug|Any CPU
		{5C7C9C00-0178-4B25-AEC0-7003435963AC}.Ad-Hoc|ARM.ActiveCfg = Debug|Any CPU
		{5C7C9C00-0178-4B25-AEC0-7003435963AC}.Ad-Hoc|ARM.Build.0 = Debug|Any CPU
		{5C7C9C00-0178-4B25-AEC0-7003435963AC}.Ad-Hoc|iPhone.ActiveCfg = Debug|Any CPU
		{5C7C9C00-0178-4B25-AEC0-7003435963AC}.Ad-Hoc|iPhone.Build.0 = Debug|Any CPU
		{5C7C9C00-0178-4B25-AEC0-7003435963AC}.Ad-Hoc|iPhoneSimulator.ActiveCfg = Debug|Any CPU
		{5C7C9C00-0178-4B25-AEC0-7003435963AC}.Ad-Hoc|iPhoneSimulator.Build.0 = Debug|Any CPU
		{5C7C9C00-0178-4B25-AEC0-7003435963AC}.Ad-Hoc|x64.ActiveCfg = Debug|Any CPU
		{5C7C9C00-0178-4B25-AEC0-7003435963AC}.Ad-Hoc|x64.Build.0 = Debug|Any CPU
		{5C7C9C00-0178-4B25-AEC0-7003435963AC}.Ad-Hoc|x86.ActiveCfg = Debug|Any CPU
		{5C7C9C00-0178-4B25-AEC0-7003435963AC}.Ad-Hoc|x86.Build.0 = Debug|Any CPU
		{5C7C9C00-0178-4B25-AEC0-7003435963AC}.AppStore|Any CPU.ActiveCfg = Debug|Any CPU
		{5C7C9C00-0178-4B25-AEC0-7003435963AC}.AppStore|Any CPU.Build.0 = Debug|Any CPU
		{5C7C9C00-0178-4B25-AEC0-7003435963AC}.AppStore|ARM.ActiveCfg = Debug|Any CPU
		{5C7C9C00-0178-4B25-AEC0-7003435963AC}.AppStore|ARM.Build.0 = Debug|Any CPU
		{5C7C9C00-0178-4B25-AEC0-7003435963AC}.AppStore|iPhone.ActiveCfg = Debug|Any CPU
		{5C7C9C00-0178-4B25-AEC0-7003435963AC}.AppStore|iPhone.Build.0 = Debug|Any CPU
		{5C7C9C00-0178-4B25-AEC0-7003435963AC}.AppStore|iPhoneSimulator.ActiveCfg = Debug|Any CPU
		{5C7C9C00-0178-4B25-AEC0-7003435963AC}.AppStore|iPhoneSimulator.Build.0 = Debug|Any CPU
		{5C7C9C00-0178-4B25-AEC0-7003435963AC}.AppStore|x64.ActiveCfg = Debug|Any CPU
		{5C7C9C00-0178-4B25-AEC0-7003435963AC}.AppStore|x64.Build.0 = Debug|Any CPU
		{5C7C9C00-0178-4B25-AEC0-7003435963AC}.AppStore|x86.ActiveCfg = Debug|Any CPU
		{5C7C9C00-0178-4B25-AEC0-7003435963AC}.AppStore|x86.Build.0 = Debug|Any CPU
		{5C7C9C00-0178-4B25-AEC0-7003435963AC}.Debug|Any CPU.ActiveCfg = Debug|Any CPU
		{5C7C9C00-0178-4B25-AEC0-7003435963AC}.Debug|Any CPU.Build.0 = Debug|Any CPU
		{5C7C9C00-0178-4B25-AEC0-7003435963AC}.Debug|ARM.ActiveCfg = Debug|Any CPU
		{5C7C9C00-0178-4B25-AEC0-7003435963AC}.Debug|ARM.Build.0 = Debug|Any CPU
		{5C7C9C00-0178-4B25-AEC0-7003435963AC}.Debug|iPhone.ActiveCfg = Debug|Any CPU
		{5C7C9C00-0178-4B25-AEC0-7003435963AC}.Debug|iPhone.Build.0 = Debug|Any CPU
		{5C7C9C00-0178-4B25-AEC0-7003435963AC}.Debug|iPhoneSimulator.ActiveCfg = Debug|Any CPU
		{5C7C9C00-0178-4B25-AEC0-7003435963AC}.Debug|iPhoneSimulator.Build.0 = Debug|Any CPU
		{5C7C9C00-0178-4B25-AEC0-7003435963AC}.Debug|x64.ActiveCfg = Debug|Any CPU
		{5C7C9C00-0178-4B25-AEC0-7003435963AC}.Debug|x64.Build.0 = Debug|Any CPU
		{5C7C9C00-0178-4B25-AEC0-7003435963AC}.Debug|x86.ActiveCfg = Debug|Any CPU
		{5C7C9C00-0178-4B25-AEC0-7003435963AC}.Debug|x86.Build.0 = Debug|Any CPU
		{5C7C9C00-0178-4B25-AEC0-7003435963AC}.Release|Any CPU.ActiveCfg = Release|Any CPU
		{5C7C9C00-0178-4B25-AEC0-7003435963AC}.Release|Any CPU.Build.0 = Release|Any CPU
		{5C7C9C00-0178-4B25-AEC0-7003435963AC}.Release|ARM.ActiveCfg = Release|Any CPU
		{5C7C9C00-0178-4B25-AEC0-7003435963AC}.Release|ARM.Build.0 = Release|Any CPU
		{5C7C9C00-0178-4B25-AEC0-7003435963AC}.Release|iPhone.ActiveCfg = Release|Any CPU
		{5C7C9C00-0178-4B25-AEC0-7003435963AC}.Release|iPhone.Build.0 = Release|Any CPU
		{5C7C9C00-0178-4B25-AEC0-7003435963AC}.Release|iPhoneSimulator.ActiveCfg = Release|Any CPU
		{5C7C9C00-0178-4B25-AEC0-7003435963AC}.Release|iPhoneSimulator.Build.0 = Release|Any CPU
		{5C7C9C00-0178-4B25-AEC0-7003435963AC}.Release|x64.ActiveCfg = Release|Any CPU
		{5C7C9C00-0178-4B25-AEC0-7003435963AC}.Release|x64.Build.0 = Release|Any CPU
		{5C7C9C00-0178-4B25-AEC0-7003435963AC}.Release|x86.ActiveCfg = Release|Any CPU
		{5C7C9C00-0178-4B25-AEC0-7003435963AC}.Release|x86.Build.0 = Release|Any CPU
		{85AA63C8-3100-4151-A96F-EAC74682CFE3}.Ad-Hoc|Any CPU.ActiveCfg = Debug|Any CPU
		{85AA63C8-3100-4151-A96F-EAC74682CFE3}.Ad-Hoc|Any CPU.Build.0 = Debug|Any CPU
		{85AA63C8-3100-4151-A96F-EAC74682CFE3}.Ad-Hoc|ARM.ActiveCfg = Debug|Any CPU
		{85AA63C8-3100-4151-A96F-EAC74682CFE3}.Ad-Hoc|ARM.Build.0 = Debug|Any CPU
		{85AA63C8-3100-4151-A96F-EAC74682CFE3}.Ad-Hoc|iPhone.ActiveCfg = Debug|Any CPU
		{85AA63C8-3100-4151-A96F-EAC74682CFE3}.Ad-Hoc|iPhone.Build.0 = Debug|Any CPU
		{85AA63C8-3100-4151-A96F-EAC74682CFE3}.Ad-Hoc|iPhoneSimulator.ActiveCfg = Debug|Any CPU
		{85AA63C8-3100-4151-A96F-EAC74682CFE3}.Ad-Hoc|iPhoneSimulator.Build.0 = Debug|Any CPU
		{85AA63C8-3100-4151-A96F-EAC74682CFE3}.Ad-Hoc|x64.ActiveCfg = Debug|Any CPU
		{85AA63C8-3100-4151-A96F-EAC74682CFE3}.Ad-Hoc|x64.Build.0 = Debug|Any CPU
		{85AA63C8-3100-4151-A96F-EAC74682CFE3}.Ad-Hoc|x86.ActiveCfg = Debug|Any CPU
		{85AA63C8-3100-4151-A96F-EAC74682CFE3}.Ad-Hoc|x86.Build.0 = Debug|Any CPU
		{85AA63C8-3100-4151-A96F-EAC74682CFE3}.AppStore|Any CPU.ActiveCfg = Debug|Any CPU
		{85AA63C8-3100-4151-A96F-EAC74682CFE3}.AppStore|Any CPU.Build.0 = Debug|Any CPU
		{85AA63C8-3100-4151-A96F-EAC74682CFE3}.AppStore|ARM.ActiveCfg = Debug|Any CPU
		{85AA63C8-3100-4151-A96F-EAC74682CFE3}.AppStore|ARM.Build.0 = Debug|Any CPU
		{85AA63C8-3100-4151-A96F-EAC74682CFE3}.AppStore|iPhone.ActiveCfg = Debug|Any CPU
		{85AA63C8-3100-4151-A96F-EAC74682CFE3}.AppStore|iPhone.Build.0 = Debug|Any CPU
		{85AA63C8-3100-4151-A96F-EAC74682CFE3}.AppStore|iPhoneSimulator.ActiveCfg = Debug|Any CPU
		{85AA63C8-3100-4151-A96F-EAC74682CFE3}.AppStore|iPhoneSimulator.Build.0 = Debug|Any CPU
		{85AA63C8-3100-4151-A96F-EAC74682CFE3}.AppStore|x64.ActiveCfg = Debug|Any CPU
		{85AA63C8-3100-4151-A96F-EAC74682CFE3}.AppStore|x64.Build.0 = Debug|Any CPU
		{85AA63C8-3100-4151-A96F-EAC74682CFE3}.AppStore|x86.ActiveCfg = Debug|Any CPU
		{85AA63C8-3100-4151-A96F-EAC74682CFE3}.AppStore|x86.Build.0 = Debug|Any CPU
		{85AA63C8-3100-4151-A96F-EAC74682CFE3}.Debug|Any CPU.ActiveCfg = Debug|Any CPU
		{85AA63C8-3100-4151-A96F-EAC74682CFE3}.Debug|Any CPU.Build.0 = Debug|Any CPU
		{85AA63C8-3100-4151-A96F-EAC74682CFE3}.Debug|ARM.ActiveCfg = Debug|Any CPU
		{85AA63C8-3100-4151-A96F-EAC74682CFE3}.Debug|ARM.Build.0 = Debug|Any CPU
		{85AA63C8-3100-4151-A96F-EAC74682CFE3}.Debug|iPhone.ActiveCfg = Debug|Any CPU
		{85AA63C8-3100-4151-A96F-EAC74682CFE3}.Debug|iPhone.Build.0 = Debug|Any CPU
		{85AA63C8-3100-4151-A96F-EAC74682CFE3}.Debug|iPhoneSimulator.ActiveCfg = Debug|Any CPU
		{85AA63C8-3100-4151-A96F-EAC74682CFE3}.Debug|iPhoneSimulator.Build.0 = Debug|Any CPU
		{85AA63C8-3100-4151-A96F-EAC74682CFE3}.Debug|x64.ActiveCfg = Debug|Any CPU
		{85AA63C8-3100-4151-A96F-EAC74682CFE3}.Debug|x64.Build.0 = Debug|Any CPU
		{85AA63C8-3100-4151-A96F-EAC74682CFE3}.Debug|x86.ActiveCfg = Debug|Any CPU
		{85AA63C8-3100-4151-A96F-EAC74682CFE3}.Debug|x86.Build.0 = Debug|Any CPU
		{85AA63C8-3100-4151-A96F-EAC74682CFE3}.Release|Any CPU.ActiveCfg = Release|Any CPU
		{85AA63C8-3100-4151-A96F-EAC74682CFE3}.Release|Any CPU.Build.0 = Release|Any CPU
		{85AA63C8-3100-4151-A96F-EAC74682CFE3}.Release|ARM.ActiveCfg = Release|Any CPU
		{85AA63C8-3100-4151-A96F-EAC74682CFE3}.Release|ARM.Build.0 = Release|Any CPU
		{85AA63C8-3100-4151-A96F-EAC74682CFE3}.Release|iPhone.ActiveCfg = Release|Any CPU
		{85AA63C8-3100-4151-A96F-EAC74682CFE3}.Release|iPhone.Build.0 = Release|Any CPU
		{85AA63C8-3100-4151-A96F-EAC74682CFE3}.Release|iPhoneSimulator.ActiveCfg = Release|Any CPU
		{85AA63C8-3100-4151-A96F-EAC74682CFE3}.Release|iPhoneSimulator.Build.0 = Release|Any CPU
		{85AA63C8-3100-4151-A96F-EAC74682CFE3}.Release|x64.ActiveCfg = Release|Any CPU
		{85AA63C8-3100-4151-A96F-EAC74682CFE3}.Release|x64.Build.0 = Release|Any CPU
		{85AA63C8-3100-4151-A96F-EAC74682CFE3}.Release|x86.ActiveCfg = Release|Any CPU
		{85AA63C8-3100-4151-A96F-EAC74682CFE3}.Release|x86.Build.0 = Release|Any CPU
		{0287CC55-797A-4B99-A98C-779B9B4FD082}.Ad-Hoc|Any CPU.ActiveCfg = Debug|Any CPU
		{0287CC55-797A-4B99-A98C-779B9B4FD082}.Ad-Hoc|Any CPU.Build.0 = Debug|Any CPU
		{0287CC55-797A-4B99-A98C-779B9B4FD082}.Ad-Hoc|ARM.ActiveCfg = Debug|Any CPU
		{0287CC55-797A-4B99-A98C-779B9B4FD082}.Ad-Hoc|ARM.Build.0 = Debug|Any CPU
		{0287CC55-797A-4B99-A98C-779B9B4FD082}.Ad-Hoc|iPhone.ActiveCfg = Debug|Any CPU
		{0287CC55-797A-4B99-A98C-779B9B4FD082}.Ad-Hoc|iPhone.Build.0 = Debug|Any CPU
		{0287CC55-797A-4B99-A98C-779B9B4FD082}.Ad-Hoc|iPhoneSimulator.ActiveCfg = Debug|Any CPU
		{0287CC55-797A-4B99-A98C-779B9B4FD082}.Ad-Hoc|iPhoneSimulator.Build.0 = Debug|Any CPU
		{0287CC55-797A-4B99-A98C-779B9B4FD082}.Ad-Hoc|x64.ActiveCfg = Debug|Any CPU
		{0287CC55-797A-4B99-A98C-779B9B4FD082}.Ad-Hoc|x64.Build.0 = Debug|Any CPU
		{0287CC55-797A-4B99-A98C-779B9B4FD082}.Ad-Hoc|x86.ActiveCfg = Debug|Any CPU
		{0287CC55-797A-4B99-A98C-779B9B4FD082}.Ad-Hoc|x86.Build.0 = Debug|Any CPU
		{0287CC55-797A-4B99-A98C-779B9B4FD082}.AppStore|Any CPU.ActiveCfg = Debug|Any CPU
		{0287CC55-797A-4B99-A98C-779B9B4FD082}.AppStore|Any CPU.Build.0 = Debug|Any CPU
		{0287CC55-797A-4B99-A98C-779B9B4FD082}.AppStore|ARM.ActiveCfg = Debug|Any CPU
		{0287CC55-797A-4B99-A98C-779B9B4FD082}.AppStore|ARM.Build.0 = Debug|Any CPU
		{0287CC55-797A-4B99-A98C-779B9B4FD082}.AppStore|iPhone.ActiveCfg = Debug|Any CPU
		{0287CC55-797A-4B99-A98C-779B9B4FD082}.AppStore|iPhone.Build.0 = Debug|Any CPU
		{0287CC55-797A-4B99-A98C-779B9B4FD082}.AppStore|iPhoneSimulator.ActiveCfg = Debug|Any CPU
		{0287CC55-797A-4B99-A98C-779B9B4FD082}.AppStore|iPhoneSimulator.Build.0 = Debug|Any CPU
		{0287CC55-797A-4B99-A98C-779B9B4FD082}.AppStore|x64.ActiveCfg = Debug|Any CPU
		{0287CC55-797A-4B99-A98C-779B9B4FD082}.AppStore|x64.Build.0 = Debug|Any CPU
		{0287CC55-797A-4B99-A98C-779B9B4FD082}.AppStore|x86.ActiveCfg = Debug|Any CPU
		{0287CC55-797A-4B99-A98C-779B9B4FD082}.AppStore|x86.Build.0 = Debug|Any CPU
		{0287CC55-797A-4B99-A98C-779B9B4FD082}.Debug|Any CPU.ActiveCfg = Debug|Any CPU
		{0287CC55-797A-4B99-A98C-779B9B4FD082}.Debug|Any CPU.Build.0 = Debug|Any CPU
		{0287CC55-797A-4B99-A98C-779B9B4FD082}.Debug|ARM.ActiveCfg = Debug|Any CPU
		{0287CC55-797A-4B99-A98C-779B9B4FD082}.Debug|ARM.Build.0 = Debug|Any CPU
		{0287CC55-797A-4B99-A98C-779B9B4FD082}.Debug|iPhone.ActiveCfg = Debug|Any CPU
		{0287CC55-797A-4B99-A98C-779B9B4FD082}.Debug|iPhone.Build.0 = Debug|Any CPU
		{0287CC55-797A-4B99-A98C-779B9B4FD082}.Debug|iPhoneSimulator.ActiveCfg = Debug|Any CPU
		{0287CC55-797A-4B99-A98C-779B9B4FD082}.Debug|iPhoneSimulator.Build.0 = Debug|Any CPU
		{0287CC55-797A-4B99-A98C-779B9B4FD082}.Debug|x64.ActiveCfg = Debug|Any CPU
		{0287CC55-797A-4B99-A98C-779B9B4FD082}.Debug|x64.Build.0 = Debug|Any CPU
		{0287CC55-797A-4B99-A98C-779B9B4FD082}.Debug|x86.ActiveCfg = Debug|Any CPU
		{0287CC55-797A-4B99-A98C-779B9B4FD082}.Debug|x86.Build.0 = Debug|Any CPU
		{0287CC55-797A-4B99-A98C-779B9B4FD082}.Release|Any CPU.ActiveCfg = Release|Any CPU
		{0287CC55-797A-4B99-A98C-779B9B4FD082}.Release|Any CPU.Build.0 = Release|Any CPU
		{0287CC55-797A-4B99-A98C-779B9B4FD082}.Release|ARM.ActiveCfg = Release|Any CPU
		{0287CC55-797A-4B99-A98C-779B9B4FD082}.Release|ARM.Build.0 = Release|Any CPU
		{0287CC55-797A-4B99-A98C-779B9B4FD082}.Release|iPhone.ActiveCfg = Release|Any CPU
		{0287CC55-797A-4B99-A98C-779B9B4FD082}.Release|iPhone.Build.0 = Release|Any CPU
		{0287CC55-797A-4B99-A98C-779B9B4FD082}.Release|iPhoneSimulator.ActiveCfg = Release|Any CPU
		{0287CC55-797A-4B99-A98C-779B9B4FD082}.Release|iPhoneSimulator.Build.0 = Release|Any CPU
		{0287CC55-797A-4B99-A98C-779B9B4FD082}.Release|x64.ActiveCfg = Release|Any CPU
		{0287CC55-797A-4B99-A98C-779B9B4FD082}.Release|x64.Build.0 = Release|Any CPU
		{0287CC55-797A-4B99-A98C-779B9B4FD082}.Release|x86.ActiveCfg = Release|Any CPU
		{0287CC55-797A-4B99-A98C-779B9B4FD082}.Release|x86.Build.0 = Release|Any CPU
		{B4A94C54-EF41-4133-B9F2-84DA4A8FDF1D}.Ad-Hoc|Any CPU.ActiveCfg = Debug|Any CPU
		{B4A94C54-EF41-4133-B9F2-84DA4A8FDF1D}.Ad-Hoc|Any CPU.Build.0 = Debug|Any CPU
		{B4A94C54-EF41-4133-B9F2-84DA4A8FDF1D}.Ad-Hoc|ARM.ActiveCfg = Debug|Any CPU
		{B4A94C54-EF41-4133-B9F2-84DA4A8FDF1D}.Ad-Hoc|ARM.Build.0 = Debug|Any CPU
		{B4A94C54-EF41-4133-B9F2-84DA4A8FDF1D}.Ad-Hoc|iPhone.ActiveCfg = Debug|Any CPU
		{B4A94C54-EF41-4133-B9F2-84DA4A8FDF1D}.Ad-Hoc|iPhone.Build.0 = Debug|Any CPU
		{B4A94C54-EF41-4133-B9F2-84DA4A8FDF1D}.Ad-Hoc|iPhoneSimulator.ActiveCfg = Debug|Any CPU
		{B4A94C54-EF41-4133-B9F2-84DA4A8FDF1D}.Ad-Hoc|iPhoneSimulator.Build.0 = Debug|Any CPU
		{B4A94C54-EF41-4133-B9F2-84DA4A8FDF1D}.Ad-Hoc|x64.ActiveCfg = Debug|Any CPU
		{B4A94C54-EF41-4133-B9F2-84DA4A8FDF1D}.Ad-Hoc|x64.Build.0 = Debug|Any CPU
		{B4A94C54-EF41-4133-B9F2-84DA4A8FDF1D}.Ad-Hoc|x86.ActiveCfg = Debug|Any CPU
		{B4A94C54-EF41-4133-B9F2-84DA4A8FDF1D}.Ad-Hoc|x86.Build.0 = Debug|Any CPU
		{B4A94C54-EF41-4133-B9F2-84DA4A8FDF1D}.AppStore|Any CPU.ActiveCfg = Debug|Any CPU
		{B4A94C54-EF41-4133-B9F2-84DA4A8FDF1D}.AppStore|Any CPU.Build.0 = Debug|Any CPU
		{B4A94C54-EF41-4133-B9F2-84DA4A8FDF1D}.AppStore|ARM.ActiveCfg = Debug|Any CPU
		{B4A94C54-EF41-4133-B9F2-84DA4A8FDF1D}.AppStore|ARM.Build.0 = Debug|Any CPU
		{B4A94C54-EF41-4133-B9F2-84DA4A8FDF1D}.AppStore|iPhone.ActiveCfg = Debug|Any CPU
		{B4A94C54-EF41-4133-B9F2-84DA4A8FDF1D}.AppStore|iPhone.Build.0 = Debug|Any CPU
		{B4A94C54-EF41-4133-B9F2-84DA4A8FDF1D}.AppStore|iPhoneSimulator.ActiveCfg = Debug|Any CPU
		{B4A94C54-EF41-4133-B9F2-84DA4A8FDF1D}.AppStore|iPhoneSimulator.Build.0 = Debug|Any CPU
		{B4A94C54-EF41-4133-B9F2-84DA4A8FDF1D}.AppStore|x64.ActiveCfg = Debug|Any CPU
		{B4A94C54-EF41-4133-B9F2-84DA4A8FDF1D}.AppStore|x64.Build.0 = Debug|Any CPU
		{B4A94C54-EF41-4133-B9F2-84DA4A8FDF1D}.AppStore|x86.ActiveCfg = Debug|Any CPU
		{B4A94C54-EF41-4133-B9F2-84DA4A8FDF1D}.AppStore|x86.Build.0 = Debug|Any CPU
		{B4A94C54-EF41-4133-B9F2-84DA4A8FDF1D}.Debug|Any CPU.ActiveCfg = Debug|Any CPU
		{B4A94C54-EF41-4133-B9F2-84DA4A8FDF1D}.Debug|Any CPU.Build.0 = Debug|Any CPU
		{B4A94C54-EF41-4133-B9F2-84DA4A8FDF1D}.Debug|ARM.ActiveCfg = Debug|Any CPU
		{B4A94C54-EF41-4133-B9F2-84DA4A8FDF1D}.Debug|ARM.Build.0 = Debug|Any CPU
		{B4A94C54-EF41-4133-B9F2-84DA4A8FDF1D}.Debug|iPhone.ActiveCfg = Debug|Any CPU
		{B4A94C54-EF41-4133-B9F2-84DA4A8FDF1D}.Debug|iPhone.Build.0 = Debug|Any CPU
		{B4A94C54-EF41-4133-B9F2-84DA4A8FDF1D}.Debug|iPhoneSimulator.ActiveCfg = Debug|Any CPU
		{B4A94C54-EF41-4133-B9F2-84DA4A8FDF1D}.Debug|iPhoneSimulator.Build.0 = Debug|Any CPU
		{B4A94C54-EF41-4133-B9F2-84DA4A8FDF1D}.Debug|x64.ActiveCfg = Debug|Any CPU
		{B4A94C54-EF41-4133-B9F2-84DA4A8FDF1D}.Debug|x64.Build.0 = Debug|Any CPU
		{B4A94C54-EF41-4133-B9F2-84DA4A8FDF1D}.Debug|x86.ActiveCfg = Debug|Any CPU
		{B4A94C54-EF41-4133-B9F2-84DA4A8FDF1D}.Debug|x86.Build.0 = Debug|Any CPU
		{B4A94C54-EF41-4133-B9F2-84DA4A8FDF1D}.Release|Any CPU.ActiveCfg = Release|Any CPU
		{B4A94C54-EF41-4133-B9F2-84DA4A8FDF1D}.Release|Any CPU.Build.0 = Release|Any CPU
		{B4A94C54-EF41-4133-B9F2-84DA4A8FDF1D}.Release|ARM.ActiveCfg = Release|Any CPU
		{B4A94C54-EF41-4133-B9F2-84DA4A8FDF1D}.Release|ARM.Build.0 = Release|Any CPU
		{B4A94C54-EF41-4133-B9F2-84DA4A8FDF1D}.Release|iPhone.ActiveCfg = Release|Any CPU
		{B4A94C54-EF41-4133-B9F2-84DA4A8FDF1D}.Release|iPhone.Build.0 = Release|Any CPU
		{B4A94C54-EF41-4133-B9F2-84DA4A8FDF1D}.Release|iPhoneSimulator.ActiveCfg = Release|Any CPU
		{B4A94C54-EF41-4133-B9F2-84DA4A8FDF1D}.Release|iPhoneSimulator.Build.0 = Release|Any CPU
		{B4A94C54-EF41-4133-B9F2-84DA4A8FDF1D}.Release|x64.ActiveCfg = Release|Any CPU
		{B4A94C54-EF41-4133-B9F2-84DA4A8FDF1D}.Release|x64.Build.0 = Release|Any CPU
		{B4A94C54-EF41-4133-B9F2-84DA4A8FDF1D}.Release|x86.ActiveCfg = Release|Any CPU
		{B4A94C54-EF41-4133-B9F2-84DA4A8FDF1D}.Release|x86.Build.0 = Release|Any CPU
		{9E267ED5-A3AD-4E88-A92B-C5597EA96824}.Ad-Hoc|Any CPU.ActiveCfg = Debug|Any CPU
		{9E267ED5-A3AD-4E88-A92B-C5597EA96824}.Ad-Hoc|Any CPU.Build.0 = Debug|Any CPU
		{9E267ED5-A3AD-4E88-A92B-C5597EA96824}.Ad-Hoc|ARM.ActiveCfg = Debug|Any CPU
		{9E267ED5-A3AD-4E88-A92B-C5597EA96824}.Ad-Hoc|ARM.Build.0 = Debug|Any CPU
		{9E267ED5-A3AD-4E88-A92B-C5597EA96824}.Ad-Hoc|iPhone.ActiveCfg = Debug|Any CPU
		{9E267ED5-A3AD-4E88-A92B-C5597EA96824}.Ad-Hoc|iPhone.Build.0 = Debug|Any CPU
		{9E267ED5-A3AD-4E88-A92B-C5597EA96824}.Ad-Hoc|iPhoneSimulator.ActiveCfg = Debug|Any CPU
		{9E267ED5-A3AD-4E88-A92B-C5597EA96824}.Ad-Hoc|iPhoneSimulator.Build.0 = Debug|Any CPU
		{9E267ED5-A3AD-4E88-A92B-C5597EA96824}.Ad-Hoc|x64.ActiveCfg = Debug|Any CPU
		{9E267ED5-A3AD-4E88-A92B-C5597EA96824}.Ad-Hoc|x64.Build.0 = Debug|Any CPU
		{9E267ED5-A3AD-4E88-A92B-C5597EA96824}.Ad-Hoc|x86.ActiveCfg = Debug|Any CPU
		{9E267ED5-A3AD-4E88-A92B-C5597EA96824}.Ad-Hoc|x86.Build.0 = Debug|Any CPU
		{9E267ED5-A3AD-4E88-A92B-C5597EA96824}.AppStore|Any CPU.ActiveCfg = Debug|Any CPU
		{9E267ED5-A3AD-4E88-A92B-C5597EA96824}.AppStore|Any CPU.Build.0 = Debug|Any CPU
		{9E267ED5-A3AD-4E88-A92B-C5597EA96824}.AppStore|ARM.ActiveCfg = Debug|Any CPU
		{9E267ED5-A3AD-4E88-A92B-C5597EA96824}.AppStore|ARM.Build.0 = Debug|Any CPU
		{9E267ED5-A3AD-4E88-A92B-C5597EA96824}.AppStore|iPhone.ActiveCfg = Debug|Any CPU
		{9E267ED5-A3AD-4E88-A92B-C5597EA96824}.AppStore|iPhone.Build.0 = Debug|Any CPU
		{9E267ED5-A3AD-4E88-A92B-C5597EA96824}.AppStore|iPhoneSimulator.ActiveCfg = Debug|Any CPU
		{9E267ED5-A3AD-4E88-A92B-C5597EA96824}.AppStore|iPhoneSimulator.Build.0 = Debug|Any CPU
		{9E267ED5-A3AD-4E88-A92B-C5597EA96824}.AppStore|x64.ActiveCfg = Debug|Any CPU
		{9E267ED5-A3AD-4E88-A92B-C5597EA96824}.AppStore|x64.Build.0 = Debug|Any CPU
		{9E267ED5-A3AD-4E88-A92B-C5597EA96824}.AppStore|x86.ActiveCfg = Debug|Any CPU
		{9E267ED5-A3AD-4E88-A92B-C5597EA96824}.AppStore|x86.Build.0 = Debug|Any CPU
		{9E267ED5-A3AD-4E88-A92B-C5597EA96824}.Debug|Any CPU.ActiveCfg = Debug|Any CPU
		{9E267ED5-A3AD-4E88-A92B-C5597EA96824}.Debug|Any CPU.Build.0 = Debug|Any CPU
		{9E267ED5-A3AD-4E88-A92B-C5597EA96824}.Debug|ARM.ActiveCfg = Debug|Any CPU
		{9E267ED5-A3AD-4E88-A92B-C5597EA96824}.Debug|ARM.Build.0 = Debug|Any CPU
		{9E267ED5-A3AD-4E88-A92B-C5597EA96824}.Debug|iPhone.ActiveCfg = Debug|Any CPU
		{9E267ED5-A3AD-4E88-A92B-C5597EA96824}.Debug|iPhone.Build.0 = Debug|Any CPU
		{9E267ED5-A3AD-4E88-A92B-C5597EA96824}.Debug|iPhoneSimulator.ActiveCfg = Debug|Any CPU
		{9E267ED5-A3AD-4E88-A92B-C5597EA96824}.Debug|iPhoneSimulator.Build.0 = Debug|Any CPU
		{9E267ED5-A3AD-4E88-A92B-C5597EA96824}.Debug|x64.ActiveCfg = Debug|Any CPU
		{9E267ED5-A3AD-4E88-A92B-C5597EA96824}.Debug|x64.Build.0 = Debug|Any CPU
		{9E267ED5-A3AD-4E88-A92B-C5597EA96824}.Debug|x86.ActiveCfg = Debug|Any CPU
		{9E267ED5-A3AD-4E88-A92B-C5597EA96824}.Debug|x86.Build.0 = Debug|Any CPU
		{9E267ED5-A3AD-4E88-A92B-C5597EA96824}.Release|Any CPU.ActiveCfg = Release|Any CPU
		{9E267ED5-A3AD-4E88-A92B-C5597EA96824}.Release|Any CPU.Build.0 = Release|Any CPU
		{9E267ED5-A3AD-4E88-A92B-C5597EA96824}.Release|ARM.ActiveCfg = Release|Any CPU
		{9E267ED5-A3AD-4E88-A92B-C5597EA96824}.Release|ARM.Build.0 = Release|Any CPU
		{9E267ED5-A3AD-4E88-A92B-C5597EA96824}.Release|iPhone.ActiveCfg = Release|Any CPU
		{9E267ED5-A3AD-4E88-A92B-C5597EA96824}.Release|iPhone.Build.0 = Release|Any CPU
		{9E267ED5-A3AD-4E88-A92B-C5597EA96824}.Release|iPhoneSimulator.ActiveCfg = Release|Any CPU
		{9E267ED5-A3AD-4E88-A92B-C5597EA96824}.Release|iPhoneSimulator.Build.0 = Release|Any CPU
		{9E267ED5-A3AD-4E88-A92B-C5597EA96824}.Release|x64.ActiveCfg = Release|Any CPU
		{9E267ED5-A3AD-4E88-A92B-C5597EA96824}.Release|x64.Build.0 = Release|Any CPU
		{9E267ED5-A3AD-4E88-A92B-C5597EA96824}.Release|x86.ActiveCfg = Release|Any CPU
		{9E267ED5-A3AD-4E88-A92B-C5597EA96824}.Release|x86.Build.0 = Release|Any CPU
	EndGlobalSection
	GlobalSection(SolutionProperties) = preSolution
		HideSolutionNode = FALSE
	EndGlobalSection
	GlobalSection(NestedProjects) = preSolution
		{3BC9C9C3-3EE8-476B-AFEE-6C113A9D5650} = {BCC24F5D-8FAB-4593-8CAB-009CA431A665}
		{E41AAC81-C245-4A3B-8AFA-33120C36B53A} = {BCC24F5D-8FAB-4593-8CAB-009CA431A665}
		{C53AC813-8AE9-4C89-A48D-B73907D20239} = {BBC861A4-F0A2-42DF-A74D-EE9865DAD11E}
		{011B19F9-412F-405A-9FC8-4EACA634039A} = {BBC861A4-F0A2-42DF-A74D-EE9865DAD11E}
		{1BD0508B-1950-49DC-97BA-F9D36FA61EEC} = {BBC861A4-F0A2-42DF-A74D-EE9865DAD11E}
		{6FF93302-5835-4A33-A53C-61B45ABC6F62} = {D14185DC-5ED8-4AF6-93EE-9E0D5BA64F21}
		{5C7C9C00-0178-4B25-AEC0-7003435963AC} = {0423A369-B09A-4540-A3D7-29959A3E58E0}
		{85AA63C8-3100-4151-A96F-EAC74682CFE3} = {C5CB18FA-A406-45BE-9BDC-E14F86ADD0F3}
		{0287CC55-797A-4B99-A98C-779B9B4FD082} = {BCC24F5D-8FAB-4593-8CAB-009CA431A665}
		{B4A94C54-EF41-4133-B9F2-84DA4A8FDF1D} = {BCC24F5D-8FAB-4593-8CAB-009CA431A665}
		{9E267ED5-A3AD-4E88-A92B-C5597EA96824} = {BCC24F5D-8FAB-4593-8CAB-009CA431A665}
	EndGlobalSection
	GlobalSection(ExtensibilityGlobals) = postSolution
		SolutionGuid = {4F74F474-4B76-4E90-9890-B99E08751918}
	EndGlobalSection
EndGlobal
